// !$*UTF8*$!
{
	archiveVersion = 1;
	classes = {
	};
	objectVersion = 46;
	objects = {

/* Begin PBXBuildFile section */
		03360BBD62A9AB382F0989FE /* libPods-ApolloDoctor.a in Frameworks */ = {isa = PBXBuildFile; fileRef = EEE20EEE4997E7AC1798795C /* libPods-ApolloDoctor.a */; };
		675FCB6C24209C3F00DB786B /* Fabric.framework in Frameworks */ = {isa = PBXBuildFile; fileRef = 675FCB6A24209C3E00DB786B /* Fabric.framework */; };
		675FCB6D24209C3F00DB786B /* Crashlytics.framework in Frameworks */ = {isa = PBXBuildFile; fileRef = 675FCB6B24209C3E00DB786B /* Crashlytics.framework */; };
		675FCB6F2420A74B00DB786B /* CloudKit.framework in Frameworks */ = {isa = PBXBuildFile; fileRef = 675FCB6E2420A74B00DB786B /* CloudKit.framework */; };
		B6452DCC2412783500D14AFC /* AppDelegate.m in Sources */ = {isa = PBXBuildFile; fileRef = B6452DB52412783500D14AFC /* AppDelegate.m */; };
		B6452DCD2412783500D14AFC /* LaunchScreen.xib in Resources */ = {isa = PBXBuildFile; fileRef = B6452DB62412783500D14AFC /* LaunchScreen.xib */; };
		B6452DCE2412783500D14AFC /* IBMPlexSans-Bold.ttf in Resources */ = {isa = PBXBuildFile; fileRef = B6452DB92412783500D14AFC /* IBMPlexSans-Bold.ttf */; };
		B6452DCF2412783500D14AFC /* IBMPlexSans-BoldItalic.ttf in Resources */ = {isa = PBXBuildFile; fileRef = B6452DBA2412783500D14AFC /* IBMPlexSans-BoldItalic.ttf */; };
		B6452DD02412783500D14AFC /* IBMPlexSans-ExtraLight.ttf in Resources */ = {isa = PBXBuildFile; fileRef = B6452DBB2412783500D14AFC /* IBMPlexSans-ExtraLight.ttf */; };
		B6452DD12412783500D14AFC /* IBMPlexSans-ExtraLightItalic.ttf in Resources */ = {isa = PBXBuildFile; fileRef = B6452DBC2412783500D14AFC /* IBMPlexSans-ExtraLightItalic.ttf */; };
		B6452DD22412783500D14AFC /* IBMPlexSans-Italic.ttf in Resources */ = {isa = PBXBuildFile; fileRef = B6452DBD2412783500D14AFC /* IBMPlexSans-Italic.ttf */; };
		B6452DD32412783500D14AFC /* IBMPlexSans-Light.ttf in Resources */ = {isa = PBXBuildFile; fileRef = B6452DBE2412783500D14AFC /* IBMPlexSans-Light.ttf */; };
		B6452DD42412783500D14AFC /* IBMPlexSans-LightItalic.ttf in Resources */ = {isa = PBXBuildFile; fileRef = B6452DBF2412783500D14AFC /* IBMPlexSans-LightItalic.ttf */; };
		B6452DD52412783500D14AFC /* IBMPlexSans-Medium.ttf in Resources */ = {isa = PBXBuildFile; fileRef = B6452DC02412783500D14AFC /* IBMPlexSans-Medium.ttf */; };
		B6452DD62412783500D14AFC /* IBMPlexSans-MediumItalic.ttf in Resources */ = {isa = PBXBuildFile; fileRef = B6452DC12412783500D14AFC /* IBMPlexSans-MediumItalic.ttf */; };
		B6452DD72412783500D14AFC /* IBMPlexSans-Regular.ttf in Resources */ = {isa = PBXBuildFile; fileRef = B6452DC22412783500D14AFC /* IBMPlexSans-Regular.ttf */; };
		B6452DD82412783500D14AFC /* IBMPlexSans-SemiBold.ttf in Resources */ = {isa = PBXBuildFile; fileRef = B6452DC32412783500D14AFC /* IBMPlexSans-SemiBold.ttf */; };
		B6452DD92412783500D14AFC /* IBMPlexSans-SemiBoldItalic.ttf in Resources */ = {isa = PBXBuildFile; fileRef = B6452DC42412783500D14AFC /* IBMPlexSans-SemiBoldItalic.ttf */; };
		B6452DDA2412783500D14AFC /* IBMPlexSans-Thin.ttf in Resources */ = {isa = PBXBuildFile; fileRef = B6452DC52412783500D14AFC /* IBMPlexSans-Thin.ttf */; };
		B6452DDB2412783500D14AFC /* IBMPlexSans-ThinItalic.ttf in Resources */ = {isa = PBXBuildFile; fileRef = B6452DC62412783500D14AFC /* IBMPlexSans-ThinItalic.ttf */; };
		B6452DDC2412783500D14AFC /* MaterialIcons-Regular.ttf in Resources */ = {isa = PBXBuildFile; fileRef = B6452DC72412783500D14AFC /* MaterialIcons-Regular.ttf */; };
		B6452DDD2412783500D14AFC /* Images.xcassets in Resources */ = {isa = PBXBuildFile; fileRef = B6452DC82412783500D14AFC /* Images.xcassets */; };
		B6452DDE2412783500D14AFC /* Images.xcassets.zip in Resources */ = {isa = PBXBuildFile; fileRef = B6452DC92412783500D14AFC /* Images.xcassets.zip */; };
		B6452DE02412783500D14AFC /* main.m in Sources */ = {isa = PBXBuildFile; fileRef = B6452DCB2412783500D14AFC /* main.m */; };
		B6618F48241278B200173C4C /* GoogleService-Info.plist in Resources */ = {isa = PBXBuildFile; fileRef = B6618F47241278B200173C4C /* GoogleService-Info.plist */; };
		B6618F4F24127B1700173C4C /* OTInstall.swift in Sources */ = {isa = PBXBuildFile; fileRef = B6618F4E24127B1700173C4C /* OTInstall.swift */; };
		ED297163215061F000B7C4FE /* JavaScriptCore.framework in Frameworks */ = {isa = PBXBuildFile; fileRef = ED297162215061F000B7C4FE /* JavaScriptCore.framework */; };
/* End PBXBuildFile section */

/* Begin PBXFileReference section */
		13B07F961A680F5B00A75B9A /* ApolloDoctor.app */ = {isa = PBXFileReference; explicitFileType = wrapper.application; includeInIndex = 0; path = ApolloDoctor.app; sourceTree = BUILT_PRODUCTS_DIR; };
		2126FFB853DD4C55A1279E67 /* Zocial.ttf */ = {isa = PBXFileReference; explicitFileType = undefined; fileEncoding = 9; includeInIndex = 0; lastKnownFileType = unknown; name = Zocial.ttf; path = "../node_modules/react-native-vector-icons/Fonts/Zocial.ttf"; sourceTree = "<group>"; };
		236BE1E57EEB458DFADD6A14 /* Pods-ApolloPatient.debug.xcconfig */ = {isa = PBXFileReference; includeInIndex = 1; lastKnownFileType = text.xcconfig; name = "Pods-ApolloPatient.debug.xcconfig"; path = "Target Support Files/Pods-ApolloPatient/Pods-ApolloPatient.debug.xcconfig"; sourceTree = "<group>"; };
		25C9CA4EAC6A44E08400131F /* MaterialIcons.ttf */ = {isa = PBXFileReference; explicitFileType = undefined; fileEncoding = 9; includeInIndex = 0; lastKnownFileType = unknown; name = MaterialIcons.ttf; path = "../node_modules/react-native-vector-icons/Fonts/MaterialIcons.ttf"; sourceTree = "<group>"; };
		28828092F8724884AAABC430 /* FontAwesome.ttf */ = {isa = PBXFileReference; explicitFileType = undefined; fileEncoding = 9; includeInIndex = 0; lastKnownFileType = unknown; name = FontAwesome.ttf; path = "../node_modules/react-native-vector-icons/Fonts/FontAwesome.ttf"; sourceTree = "<group>"; };
		2D16E6891FA4F8E400B85C8A /* libReact.a */ = {isa = PBXFileReference; explicitFileType = archive.ar; path = libReact.a; sourceTree = BUILT_PRODUCTS_DIR; };
		2E40EE63A03847E08A3B8AAF /* Octicons.ttf */ = {isa = PBXFileReference; explicitFileType = undefined; fileEncoding = 9; includeInIndex = 0; lastKnownFileType = unknown; name = Octicons.ttf; path = "../node_modules/react-native-vector-icons/Fonts/Octicons.ttf"; sourceTree = "<group>"; };
		49012D0FA5344818926B4419 /* FontAwesome5_Solid.ttf */ = {isa = PBXFileReference; explicitFileType = undefined; fileEncoding = 9; includeInIndex = 0; lastKnownFileType = unknown; name = FontAwesome5_Solid.ttf; path = "../node_modules/react-native-vector-icons/Fonts/FontAwesome5_Solid.ttf"; sourceTree = "<group>"; };
		490468701BAC4D42B826BD1C /* Entypo.ttf */ = {isa = PBXFileReference; explicitFileType = undefined; fileEncoding = 9; includeInIndex = 0; lastKnownFileType = unknown; name = Entypo.ttf; path = "../node_modules/react-native-vector-icons/Fonts/Entypo.ttf"; sourceTree = "<group>"; };
		4B973476F75B4CCF9413B39D /* libRNVectorIcons.a */ = {isa = PBXFileReference; explicitFileType = undefined; fileEncoding = 9; includeInIndex = 0; lastKnownFileType = archive.ar; path = libRNVectorIcons.a; sourceTree = "<group>"; };
		5071FDB5D3F54B438EF70ABB /* AntDesign.ttf */ = {isa = PBXFileReference; explicitFileType = undefined; fileEncoding = 9; includeInIndex = 0; lastKnownFileType = unknown; name = AntDesign.ttf; path = "../node_modules/react-native-vector-icons/Fonts/AntDesign.ttf"; sourceTree = "<group>"; };
		675FCB6A24209C3E00DB786B /* Fabric.framework */ = {isa = PBXFileReference; lastKnownFileType = wrapper.framework; path = Fabric.framework; sourceTree = "<group>"; };
		675FCB6B24209C3E00DB786B /* Crashlytics.framework */ = {isa = PBXFileReference; lastKnownFileType = wrapper.framework; path = Crashlytics.framework; sourceTree = "<group>"; };
		675FCB6E2420A74B00DB786B /* CloudKit.framework */ = {isa = PBXFileReference; lastKnownFileType = wrapper.framework; name = CloudKit.framework; path = System/Library/Frameworks/CloudKit.framework; sourceTree = SDKROOT; };
		8819077E2C464310AD4B1537 /* EvilIcons.ttf */ = {isa = PBXFileReference; explicitFileType = undefined; fileEncoding = 9; includeInIndex = 0; lastKnownFileType = unknown; name = EvilIcons.ttf; path = "../node_modules/react-native-vector-icons/Fonts/EvilIcons.ttf"; sourceTree = "<group>"; };
		92A9BEAAC3E648F6A7F57360 /* MaterialCommunityIcons.ttf */ = {isa = PBXFileReference; explicitFileType = undefined; fileEncoding = 9; includeInIndex = 0; lastKnownFileType = unknown; name = MaterialCommunityIcons.ttf; path = "../node_modules/react-native-vector-icons/Fonts/MaterialCommunityIcons.ttf"; sourceTree = "<group>"; };
		97362EC173AC41188EA489C7 /* libRNGestureHandler.a */ = {isa = PBXFileReference; explicitFileType = undefined; fileEncoding = 9; includeInIndex = 0; lastKnownFileType = archive.ar; path = libRNGestureHandler.a; sourceTree = "<group>"; };
		9A1264780D7E44F48F31A47A /* Foundation.ttf */ = {isa = PBXFileReference; explicitFileType = undefined; fileEncoding = 9; includeInIndex = 0; lastKnownFileType = unknown; name = Foundation.ttf; path = "../node_modules/react-native-vector-icons/Fonts/Foundation.ttf"; sourceTree = "<group>"; };
		B6452DB32412783500D14AFC /* ApolloDoctor.entitlements */ = {isa = PBXFileReference; fileEncoding = 4; lastKnownFileType = text.plist.entitlements; path = ApolloDoctor.entitlements; sourceTree = "<group>"; };
		B6452DB42412783500D14AFC /* AppDelegate.h */ = {isa = PBXFileReference; fileEncoding = 4; lastKnownFileType = sourcecode.c.h; path = AppDelegate.h; sourceTree = "<group>"; };
		B6452DB52412783500D14AFC /* AppDelegate.m */ = {isa = PBXFileReference; fileEncoding = 4; lastKnownFileType = sourcecode.c.objc; path = AppDelegate.m; sourceTree = "<group>"; };
		B6452DB72412783500D14AFC /* Base */ = {isa = PBXFileReference; lastKnownFileType = file.xib; name = Base; path = Base.lproj/LaunchScreen.xib; sourceTree = "<group>"; };
		B6452DB92412783500D14AFC /* IBMPlexSans-Bold.ttf */ = {isa = PBXFileReference; lastKnownFileType = file; path = "IBMPlexSans-Bold.ttf"; sourceTree = "<group>"; };
		B6452DBA2412783500D14AFC /* IBMPlexSans-BoldItalic.ttf */ = {isa = PBXFileReference; lastKnownFileType = file; path = "IBMPlexSans-BoldItalic.ttf"; sourceTree = "<group>"; };
		B6452DBB2412783500D14AFC /* IBMPlexSans-ExtraLight.ttf */ = {isa = PBXFileReference; lastKnownFileType = file; path = "IBMPlexSans-ExtraLight.ttf"; sourceTree = "<group>"; };
		B6452DBC2412783500D14AFC /* IBMPlexSans-ExtraLightItalic.ttf */ = {isa = PBXFileReference; lastKnownFileType = file; path = "IBMPlexSans-ExtraLightItalic.ttf"; sourceTree = "<group>"; };
		B6452DBD2412783500D14AFC /* IBMPlexSans-Italic.ttf */ = {isa = PBXFileReference; lastKnownFileType = file; path = "IBMPlexSans-Italic.ttf"; sourceTree = "<group>"; };
		B6452DBE2412783500D14AFC /* IBMPlexSans-Light.ttf */ = {isa = PBXFileReference; lastKnownFileType = file; path = "IBMPlexSans-Light.ttf"; sourceTree = "<group>"; };
		B6452DBF2412783500D14AFC /* IBMPlexSans-LightItalic.ttf */ = {isa = PBXFileReference; lastKnownFileType = file; path = "IBMPlexSans-LightItalic.ttf"; sourceTree = "<group>"; };
		B6452DC02412783500D14AFC /* IBMPlexSans-Medium.ttf */ = {isa = PBXFileReference; lastKnownFileType = file; path = "IBMPlexSans-Medium.ttf"; sourceTree = "<group>"; };
		B6452DC12412783500D14AFC /* IBMPlexSans-MediumItalic.ttf */ = {isa = PBXFileReference; lastKnownFileType = file; path = "IBMPlexSans-MediumItalic.ttf"; sourceTree = "<group>"; };
		B6452DC22412783500D14AFC /* IBMPlexSans-Regular.ttf */ = {isa = PBXFileReference; lastKnownFileType = file; path = "IBMPlexSans-Regular.ttf"; sourceTree = "<group>"; };
		B6452DC32412783500D14AFC /* IBMPlexSans-SemiBold.ttf */ = {isa = PBXFileReference; lastKnownFileType = file; path = "IBMPlexSans-SemiBold.ttf"; sourceTree = "<group>"; };
		B6452DC42412783500D14AFC /* IBMPlexSans-SemiBoldItalic.ttf */ = {isa = PBXFileReference; lastKnownFileType = file; path = "IBMPlexSans-SemiBoldItalic.ttf"; sourceTree = "<group>"; };
		B6452DC52412783500D14AFC /* IBMPlexSans-Thin.ttf */ = {isa = PBXFileReference; lastKnownFileType = file; path = "IBMPlexSans-Thin.ttf"; sourceTree = "<group>"; };
		B6452DC62412783500D14AFC /* IBMPlexSans-ThinItalic.ttf */ = {isa = PBXFileReference; lastKnownFileType = file; path = "IBMPlexSans-ThinItalic.ttf"; sourceTree = "<group>"; };
		B6452DC72412783500D14AFC /* MaterialIcons-Regular.ttf */ = {isa = PBXFileReference; lastKnownFileType = file; path = "MaterialIcons-Regular.ttf"; sourceTree = "<group>"; };
		B6452DC82412783500D14AFC /* Images.xcassets */ = {isa = PBXFileReference; lastKnownFileType = folder.assetcatalog; path = Images.xcassets; sourceTree = "<group>"; };
		B6452DC92412783500D14AFC /* Images.xcassets.zip */ = {isa = PBXFileReference; lastKnownFileType = archive.zip; path = Images.xcassets.zip; sourceTree = "<group>"; };
		B6452DCA2412783500D14AFC /* Info.plist */ = {isa = PBXFileReference; fileEncoding = 4; lastKnownFileType = text.plist.xml; path = Info.plist; sourceTree = "<group>"; };
		B6452DCB2412783500D14AFC /* main.m */ = {isa = PBXFileReference; fileEncoding = 4; lastKnownFileType = sourcecode.c.objc; path = main.m; sourceTree = "<group>"; };
		B6618F47241278B200173C4C /* GoogleService-Info.plist */ = {isa = PBXFileReference; lastKnownFileType = text.plist; path = "GoogleService-Info.plist"; sourceTree = SOURCE_ROOT; };
		B6618F4E24127B1700173C4C /* OTInstall.swift */ = {isa = PBXFileReference; lastKnownFileType = sourcecode.swift; path = OTInstall.swift; sourceTree = "<group>"; };
		B6618F5024127B9E00173C4C /* ApolloDoctor-Bridging-Header.h */ = {isa = PBXFileReference; lastKnownFileType = sourcecode.c.h; path = "ApolloDoctor-Bridging-Header.h"; sourceTree = "<group>"; };
		BE883F4FD21349AF8E74A3F1 /* FontAwesome5_Brands.ttf */ = {isa = PBXFileReference; explicitFileType = undefined; fileEncoding = 9; includeInIndex = 0; lastKnownFileType = unknown; name = FontAwesome5_Brands.ttf; path = "../node_modules/react-native-vector-icons/Fonts/FontAwesome5_Brands.ttf"; sourceTree = "<group>"; };
		C5E26C657DEA440AB1CCBDF7 /* Feather.ttf */ = {isa = PBXFileReference; explicitFileType = undefined; fileEncoding = 9; includeInIndex = 0; lastKnownFileType = unknown; name = Feather.ttf; path = "../node_modules/react-native-vector-icons/Fonts/Feather.ttf"; sourceTree = "<group>"; };
		C654B1BB47EB92AF414FCDCC /* Pods-ApolloDoctor.release.xcconfig */ = {isa = PBXFileReference; includeInIndex = 1; lastKnownFileType = text.xcconfig; name = "Pods-ApolloDoctor.release.xcconfig"; path = "Target Support Files/Pods-ApolloDoctor/Pods-ApolloDoctor.release.xcconfig"; sourceTree = "<group>"; };
		CAA105E1BC6741869C178C0C /* Ionicons.ttf */ = {isa = PBXFileReference; explicitFileType = undefined; fileEncoding = 9; includeInIndex = 0; lastKnownFileType = unknown; name = Ionicons.ttf; path = "../node_modules/react-native-vector-icons/Fonts/Ionicons.ttf"; sourceTree = "<group>"; };
		CD2F1BE982BD1805CE035CCA /* Pods-ApolloPatient.release.xcconfig */ = {isa = PBXFileReference; includeInIndex = 1; lastKnownFileType = text.xcconfig; name = "Pods-ApolloPatient.release.xcconfig"; path = "Target Support Files/Pods-ApolloPatient/Pods-ApolloPatient.release.xcconfig"; sourceTree = "<group>"; };
		DD735413DDCABE397FB45771 /* Pods-ApolloDoctor.debug.xcconfig */ = {isa = PBXFileReference; includeInIndex = 1; lastKnownFileType = text.xcconfig; name = "Pods-ApolloDoctor.debug.xcconfig"; path = "Target Support Files/Pods-ApolloDoctor/Pods-ApolloDoctor.debug.xcconfig"; sourceTree = "<group>"; };
		ED297162215061F000B7C4FE /* JavaScriptCore.framework */ = {isa = PBXFileReference; lastKnownFileType = wrapper.framework; name = JavaScriptCore.framework; path = System/Library/Frameworks/JavaScriptCore.framework; sourceTree = SDKROOT; };
		ED2971642150620600B7C4FE /* JavaScriptCore.framework */ = {isa = PBXFileReference; lastKnownFileType = wrapper.framework; name = JavaScriptCore.framework; path = Platforms/AppleTVOS.platform/Developer/SDKs/AppleTVOS12.0.sdk/System/Library/Frameworks/JavaScriptCore.framework; sourceTree = DEVELOPER_DIR; };
		EEE20EEE4997E7AC1798795C /* libPods-ApolloDoctor.a */ = {isa = PBXFileReference; explicitFileType = archive.ar; includeInIndex = 0; path = "libPods-ApolloDoctor.a"; sourceTree = BUILT_PRODUCTS_DIR; };
		F32B081ED11847C392E30A5C /* SimpleLineIcons.ttf */ = {isa = PBXFileReference; explicitFileType = undefined; fileEncoding = 9; includeInIndex = 0; lastKnownFileType = unknown; name = SimpleLineIcons.ttf; path = "../node_modules/react-native-vector-icons/Fonts/SimpleLineIcons.ttf"; sourceTree = "<group>"; };
		FA7D78D52E724C1BA7643727 /* FontAwesome5_Regular.ttf */ = {isa = PBXFileReference; explicitFileType = undefined; fileEncoding = 9; includeInIndex = 0; lastKnownFileType = unknown; name = FontAwesome5_Regular.ttf; path = "../node_modules/react-native-vector-icons/Fonts/FontAwesome5_Regular.ttf"; sourceTree = "<group>"; };
/* End PBXFileReference section */

/* Begin PBXFrameworksBuildPhase section */
		13B07F8C1A680F5B00A75B9A /* Frameworks */ = {
			isa = PBXFrameworksBuildPhase;
			buildActionMask = 2147483647;
			files = (
				675FCB6F2420A74B00DB786B /* CloudKit.framework in Frameworks */,
				ED297163215061F000B7C4FE /* JavaScriptCore.framework in Frameworks */,
				03360BBD62A9AB382F0989FE /* libPods-ApolloDoctor.a in Frameworks */,
				675FCB6D24209C3F00DB786B /* Crashlytics.framework in Frameworks */,
				675FCB6C24209C3F00DB786B /* Fabric.framework in Frameworks */,
			);
			runOnlyForDeploymentPostprocessing = 0;
		};
/* End PBXFrameworksBuildPhase section */

/* Begin PBXGroup section */
		2D16E6871FA4F8E400B85C8A /* Frameworks */ = {
			isa = PBXGroup;
			children = (
				675FCB6E2420A74B00DB786B /* CloudKit.framework */,
				ED297162215061F000B7C4FE /* JavaScriptCore.framework */,
				ED2971642150620600B7C4FE /* JavaScriptCore.framework */,
				2D16E6891FA4F8E400B85C8A /* libReact.a */,
				EEE20EEE4997E7AC1798795C /* libPods-ApolloDoctor.a */,
			);
			name = Frameworks;
			sourceTree = "<group>";
		};
		832341AE1AAA6A7D00B99B32 /* Libraries */ = {
			isa = PBXGroup;
			children = (
			);
			name = Libraries;
			sourceTree = "<group>";
		};
		83CBB9F61A601CBA00E9B192 = {
			isa = PBXGroup;
			children = (
				B6452DB22412783500D14AFC /* ApolloDoctor */,
				832341AE1AAA6A7D00B99B32 /* Libraries */,
				83CBBA001A601CBA00E9B192 /* Products */,
				2D16E6871FA4F8E400B85C8A /* Frameworks */,
				F1B3D71922B8CBB600521684 /* Recovered References */,
				87A64E99AF3B40ACB04AECBE /* Resources */,
				B5FEAFDC768ED862AB6446FD /* Pods */,
			);
			indentWidth = 2;
			sourceTree = "<group>";
			tabWidth = 2;
			usesTabs = 0;
		};
		83CBBA001A601CBA00E9B192 /* Products */ = {
			isa = PBXGroup;
			children = (
				13B07F961A680F5B00A75B9A /* ApolloDoctor.app */,
			);
			name = Products;
			sourceTree = "<group>";
		};
		87A64E99AF3B40ACB04AECBE /* Resources */ = {
			isa = PBXGroup;
			children = (
				5071FDB5D3F54B438EF70ABB /* AntDesign.ttf */,
				490468701BAC4D42B826BD1C /* Entypo.ttf */,
				8819077E2C464310AD4B1537 /* EvilIcons.ttf */,
				C5E26C657DEA440AB1CCBDF7 /* Feather.ttf */,
				28828092F8724884AAABC430 /* FontAwesome.ttf */,
				BE883F4FD21349AF8E74A3F1 /* FontAwesome5_Brands.ttf */,
				FA7D78D52E724C1BA7643727 /* FontAwesome5_Regular.ttf */,
				49012D0FA5344818926B4419 /* FontAwesome5_Solid.ttf */,
				9A1264780D7E44F48F31A47A /* Foundation.ttf */,
				CAA105E1BC6741869C178C0C /* Ionicons.ttf */,
				92A9BEAAC3E648F6A7F57360 /* MaterialCommunityIcons.ttf */,
				25C9CA4EAC6A44E08400131F /* MaterialIcons.ttf */,
				2E40EE63A03847E08A3B8AAF /* Octicons.ttf */,
				F32B081ED11847C392E30A5C /* SimpleLineIcons.ttf */,
				2126FFB853DD4C55A1279E67 /* Zocial.ttf */,
			);
			name = Resources;
			sourceTree = "<group>";
		};
		B5FEAFDC768ED862AB6446FD /* Pods */ = {
			isa = PBXGroup;
			children = (
				236BE1E57EEB458DFADD6A14 /* Pods-ApolloPatient.debug.xcconfig */,
				CD2F1BE982BD1805CE035CCA /* Pods-ApolloPatient.release.xcconfig */,
				DD735413DDCABE397FB45771 /* Pods-ApolloDoctor.debug.xcconfig */,
				C654B1BB47EB92AF414FCDCC /* Pods-ApolloDoctor.release.xcconfig */,
			);
			path = Pods;
			sourceTree = "<group>";
		};
		B6452DB22412783500D14AFC /* ApolloDoctor */ = {
			isa = PBXGroup;
			children = (
				B6618F47241278B200173C4C /* GoogleService-Info.plist */,
				B6452DB32412783500D14AFC /* ApolloDoctor.entitlements */,
				675FCB6B24209C3E00DB786B /* Crashlytics.framework */,
				675FCB6A24209C3E00DB786B /* Fabric.framework */,
				B6452DB42412783500D14AFC /* AppDelegate.h */,
				B6452DB52412783500D14AFC /* AppDelegate.m */,
				B6618F4E24127B1700173C4C /* OTInstall.swift */,
				B6618F5024127B9E00173C4C /* ApolloDoctor-Bridging-Header.h */,
				B6452DB62412783500D14AFC /* LaunchScreen.xib */,
				B6452DB82412783500D14AFC /* Fonts */,
				B6452DC82412783500D14AFC /* Images.xcassets */,
				B6452DC92412783500D14AFC /* Images.xcassets.zip */,
				B6452DCA2412783500D14AFC /* Info.plist */,
				B6452DCB2412783500D14AFC /* main.m */,
			);
			path = ApolloDoctor;
			sourceTree = "<group>";
		};
		B6452DB82412783500D14AFC /* Fonts */ = {
			isa = PBXGroup;
			children = (
				B6452DB92412783500D14AFC /* IBMPlexSans-Bold.ttf */,
				B6452DBA2412783500D14AFC /* IBMPlexSans-BoldItalic.ttf */,
				B6452DBB2412783500D14AFC /* IBMPlexSans-ExtraLight.ttf */,
				B6452DBC2412783500D14AFC /* IBMPlexSans-ExtraLightItalic.ttf */,
				B6452DBD2412783500D14AFC /* IBMPlexSans-Italic.ttf */,
				B6452DBE2412783500D14AFC /* IBMPlexSans-Light.ttf */,
				B6452DBF2412783500D14AFC /* IBMPlexSans-LightItalic.ttf */,
				B6452DC02412783500D14AFC /* IBMPlexSans-Medium.ttf */,
				B6452DC12412783500D14AFC /* IBMPlexSans-MediumItalic.ttf */,
				B6452DC22412783500D14AFC /* IBMPlexSans-Regular.ttf */,
				B6452DC32412783500D14AFC /* IBMPlexSans-SemiBold.ttf */,
				B6452DC42412783500D14AFC /* IBMPlexSans-SemiBoldItalic.ttf */,
				B6452DC52412783500D14AFC /* IBMPlexSans-Thin.ttf */,
				B6452DC62412783500D14AFC /* IBMPlexSans-ThinItalic.ttf */,
				B6452DC72412783500D14AFC /* MaterialIcons-Regular.ttf */,
			);
			path = Fonts;
			sourceTree = "<group>";
		};
		F1B3D71922B8CBB600521684 /* Recovered References */ = {
			isa = PBXGroup;
			children = (
				97362EC173AC41188EA489C7 /* libRNGestureHandler.a */,
				4B973476F75B4CCF9413B39D /* libRNVectorIcons.a */,
			);
			name = "Recovered References";
			sourceTree = "<group>";
		};
/* End PBXGroup section */

/* Begin PBXNativeTarget section */
		13B07F861A680F5B00A75B9A /* ApolloDoctor */ = {
			isa = PBXNativeTarget;
			buildConfigurationList = 13B07F931A680F5B00A75B9A /* Build configuration list for PBXNativeTarget "ApolloDoctor" */;
			buildPhases = (
				21BF201988D1BF6951C0D7C7 /* [CP] Check Pods Manifest.lock */,
				13B07F871A680F5B00A75B9A /* Sources */,
				13B07F8C1A680F5B00A75B9A /* Frameworks */,
				13B07F8E1A680F5B00A75B9A /* Resources */,
				00DD1BFF1BD5951E006B06BC /* Bundle React Native code and images */,
				24E29770917A6AEFCCF9DDDE /* [CP] Copy Pods Resources */,
				675FCB702420A99500DB786B /* ShellScript */,
			);
			buildRules = (
			);
			dependencies = (
			);
			name = ApolloDoctor;
			productName = "Hello World";
			productReference = 13B07F961A680F5B00A75B9A /* ApolloDoctor.app */;
			productType = "com.apple.product-type.application";
		};
/* End PBXNativeTarget section */

/* Begin PBXProject section */
		83CBB9F71A601CBA00E9B192 /* Project object */ = {
			isa = PBXProject;
			attributes = {
				LastUpgradeCheck = 940;
				ORGANIZATIONNAME = Facebook;
				TargetAttributes = {
					13B07F861A680F5B00A75B9A = {
						DevelopmentTeam = 4A6H5Y5CK5;
						LastSwiftMigration = 1130;
						ProvisioningStyle = Manual;
						SystemCapabilities = {
							com.apple.Push = {
								enabled = 0;
							};
						};
					};
				};
			};
			buildConfigurationList = 83CBB9FA1A601CBA00E9B192 /* Build configuration list for PBXProject "ApolloDoctor" */;
			compatibilityVersion = "Xcode 3.2";
			developmentRegion = English;
			hasScannedForEncodings = 0;
			knownRegions = (
				English,
				en,
				Base,
			);
			mainGroup = 83CBB9F61A601CBA00E9B192;
			productRefGroup = 83CBBA001A601CBA00E9B192 /* Products */;
			projectDirPath = "";
			projectRoot = "";
			targets = (
				13B07F861A680F5B00A75B9A /* ApolloDoctor */,
			);
		};
/* End PBXProject section */

/* Begin PBXResourcesBuildPhase section */
		13B07F8E1A680F5B00A75B9A /* Resources */ = {
			isa = PBXResourcesBuildPhase;
			buildActionMask = 2147483647;
			files = (
				B6452DD42412783500D14AFC /* IBMPlexSans-LightItalic.ttf in Resources */,
				B6452DD92412783500D14AFC /* IBMPlexSans-SemiBoldItalic.ttf in Resources */,
				B6452DDE2412783500D14AFC /* Images.xcassets.zip in Resources */,
				B6452DD32412783500D14AFC /* IBMPlexSans-Light.ttf in Resources */,
				B6452DDB2412783500D14AFC /* IBMPlexSans-ThinItalic.ttf in Resources */,
				B6452DCF2412783500D14AFC /* IBMPlexSans-BoldItalic.ttf in Resources */,
				B6452DDA2412783500D14AFC /* IBMPlexSans-Thin.ttf in Resources */,
				B6452DD02412783500D14AFC /* IBMPlexSans-ExtraLight.ttf in Resources */,
				B6452DCE2412783500D14AFC /* IBMPlexSans-Bold.ttf in Resources */,
				B6452DD22412783500D14AFC /* IBMPlexSans-Italic.ttf in Resources */,
				B6452DD52412783500D14AFC /* IBMPlexSans-Medium.ttf in Resources */,
				B6452DCD2412783500D14AFC /* LaunchScreen.xib in Resources */,
				B6452DDD2412783500D14AFC /* Images.xcassets in Resources */,
				B6452DD62412783500D14AFC /* IBMPlexSans-MediumItalic.ttf in Resources */,
				B6452DD12412783500D14AFC /* IBMPlexSans-ExtraLightItalic.ttf in Resources */,
				B6452DD82412783500D14AFC /* IBMPlexSans-SemiBold.ttf in Resources */,
				B6618F48241278B200173C4C /* GoogleService-Info.plist in Resources */,
				B6452DD72412783500D14AFC /* IBMPlexSans-Regular.ttf in Resources */,
				B6452DDC2412783500D14AFC /* MaterialIcons-Regular.ttf in Resources */,
			);
			runOnlyForDeploymentPostprocessing = 0;
		};
/* End PBXResourcesBuildPhase section */

/* Begin PBXShellScriptBuildPhase section */
		00DD1BFF1BD5951E006B06BC /* Bundle React Native code and images */ = {
			isa = PBXShellScriptBuildPhase;
			buildActionMask = 2147483647;
			files = (
			);
			inputPaths = (
			);
			name = "Bundle React Native code and images";
			outputPaths = (
			);
			runOnlyForDeploymentPostprocessing = 0;
			shellPath = /bin/sh;
			shellScript = "export NODE_BINARY=node\n../node_modules/react-native/scripts/react-native-xcode.sh\n";
		};
		21BF201988D1BF6951C0D7C7 /* [CP] Check Pods Manifest.lock */ = {
			isa = PBXShellScriptBuildPhase;
			buildActionMask = 2147483647;
			files = (
			);
			inputFileListPaths = (
			);
			inputPaths = (
				"${PODS_PODFILE_DIR_PATH}/Podfile.lock",
				"${PODS_ROOT}/Manifest.lock",
			);
			name = "[CP] Check Pods Manifest.lock";
			outputFileListPaths = (
			);
			outputPaths = (
				"$(DERIVED_FILE_DIR)/Pods-ApolloDoctor-checkManifestLockResult.txt",
			);
			runOnlyForDeploymentPostprocessing = 0;
			shellPath = /bin/sh;
			shellScript = "diff \"${PODS_PODFILE_DIR_PATH}/Podfile.lock\" \"${PODS_ROOT}/Manifest.lock\" > /dev/null\nif [ $? != 0 ] ; then\n    # print error to STDERR\n    echo \"error: The sandbox is not in sync with the Podfile.lock. Run 'pod install' or update your CocoaPods installation.\" >&2\n    exit 1\nfi\n# This output is used by Xcode 'outputs' to avoid re-running this script phase.\necho \"SUCCESS\" > \"${SCRIPT_OUTPUT_FILE_0}\"\n";
			showEnvVarsInLog = 0;
		};
		24E29770917A6AEFCCF9DDDE /* [CP] Copy Pods Resources */ = {
			isa = PBXShellScriptBuildPhase;
			buildActionMask = 2147483647;
			files = (
			);
			inputPaths = (
				"${PODS_ROOT}/Target Support Files/Pods-ApolloDoctor/Pods-ApolloDoctor-resources.sh",
				"${PODS_CONFIGURATION_BUILD_DIR}/QBImagePickerController/QBImagePicker.bundle",
				"${PODS_ROOT}/../../node_modules/react-native-vector-icons/Fonts/AntDesign.ttf",
				"${PODS_ROOT}/../../node_modules/react-native-vector-icons/Fonts/Entypo.ttf",
				"${PODS_ROOT}/../../node_modules/react-native-vector-icons/Fonts/EvilIcons.ttf",
				"${PODS_ROOT}/../../node_modules/react-native-vector-icons/Fonts/Feather.ttf",
				"${PODS_ROOT}/../../node_modules/react-native-vector-icons/Fonts/FontAwesome.ttf",
				"${PODS_ROOT}/../../node_modules/react-native-vector-icons/Fonts/FontAwesome5_Brands.ttf",
				"${PODS_ROOT}/../../node_modules/react-native-vector-icons/Fonts/FontAwesome5_Regular.ttf",
				"${PODS_ROOT}/../../node_modules/react-native-vector-icons/Fonts/FontAwesome5_Solid.ttf",
				"${PODS_ROOT}/../../node_modules/react-native-vector-icons/Fonts/Fontisto.ttf",
				"${PODS_ROOT}/../../node_modules/react-native-vector-icons/Fonts/Foundation.ttf",
				"${PODS_ROOT}/../../node_modules/react-native-vector-icons/Fonts/Ionicons.ttf",
				"${PODS_ROOT}/../../node_modules/react-native-vector-icons/Fonts/MaterialCommunityIcons.ttf",
				"${PODS_ROOT}/../../node_modules/react-native-vector-icons/Fonts/MaterialIcons.ttf",
				"${PODS_ROOT}/../../node_modules/react-native-vector-icons/Fonts/Octicons.ttf",
				"${PODS_ROOT}/../../node_modules/react-native-vector-icons/Fonts/SimpleLineIcons.ttf",
				"${PODS_ROOT}/../../node_modules/react-native-vector-icons/Fonts/Zocial.ttf",
				"${PODS_ROOT}/RSKImageCropper/RSKImageCropper/RSKImageCropperStrings.bundle",
			);
			name = "[CP] Copy Pods Resources";
			outputPaths = (
				"${TARGET_BUILD_DIR}/${UNLOCALIZED_RESOURCES_FOLDER_PATH}/QBImagePicker.bundle",
				"${TARGET_BUILD_DIR}/${UNLOCALIZED_RESOURCES_FOLDER_PATH}/AntDesign.ttf",
				"${TARGET_BUILD_DIR}/${UNLOCALIZED_RESOURCES_FOLDER_PATH}/Entypo.ttf",
				"${TARGET_BUILD_DIR}/${UNLOCALIZED_RESOURCES_FOLDER_PATH}/EvilIcons.ttf",
				"${TARGET_BUILD_DIR}/${UNLOCALIZED_RESOURCES_FOLDER_PATH}/Feather.ttf",
				"${TARGET_BUILD_DIR}/${UNLOCALIZED_RESOURCES_FOLDER_PATH}/FontAwesome.ttf",
				"${TARGET_BUILD_DIR}/${UNLOCALIZED_RESOURCES_FOLDER_PATH}/FontAwesome5_Brands.ttf",
				"${TARGET_BUILD_DIR}/${UNLOCALIZED_RESOURCES_FOLDER_PATH}/FontAwesome5_Regular.ttf",
				"${TARGET_BUILD_DIR}/${UNLOCALIZED_RESOURCES_FOLDER_PATH}/FontAwesome5_Solid.ttf",
				"${TARGET_BUILD_DIR}/${UNLOCALIZED_RESOURCES_FOLDER_PATH}/Fontisto.ttf",
				"${TARGET_BUILD_DIR}/${UNLOCALIZED_RESOURCES_FOLDER_PATH}/Foundation.ttf",
				"${TARGET_BUILD_DIR}/${UNLOCALIZED_RESOURCES_FOLDER_PATH}/Ionicons.ttf",
				"${TARGET_BUILD_DIR}/${UNLOCALIZED_RESOURCES_FOLDER_PATH}/MaterialCommunityIcons.ttf",
				"${TARGET_BUILD_DIR}/${UNLOCALIZED_RESOURCES_FOLDER_PATH}/MaterialIcons.ttf",
				"${TARGET_BUILD_DIR}/${UNLOCALIZED_RESOURCES_FOLDER_PATH}/Octicons.ttf",
				"${TARGET_BUILD_DIR}/${UNLOCALIZED_RESOURCES_FOLDER_PATH}/SimpleLineIcons.ttf",
				"${TARGET_BUILD_DIR}/${UNLOCALIZED_RESOURCES_FOLDER_PATH}/Zocial.ttf",
				"${TARGET_BUILD_DIR}/${UNLOCALIZED_RESOURCES_FOLDER_PATH}/RSKImageCropperStrings.bundle",
			);
			runOnlyForDeploymentPostprocessing = 0;
			shellPath = /bin/sh;
			shellScript = "\"${PODS_ROOT}/Target Support Files/Pods-ApolloDoctor/Pods-ApolloDoctor-resources.sh\"\n";
			showEnvVarsInLog = 0;
		};
		675FCB702420A99500DB786B /* ShellScript */ = {
			isa = PBXShellScriptBuildPhase;
			buildActionMask = 2147483647;
			files = (
			);
			inputFileListPaths = (
			);
			inputPaths = (
				"$(SRCROOT)/$(BUILT_PRODUCTS_DIR)/$(INFOPLIST_PATH)",
			);
			outputFileListPaths = (
			);
			outputPaths = (
			);
			runOnlyForDeploymentPostprocessing = 0;
			shellPath = /bin/sh;
			shellScript = "\"${PROJECT_DIR}/Fabric.framework/run\"\n";
		};
/* End PBXShellScriptBuildPhase section */

/* Begin PBXSourcesBuildPhase section */
		13B07F871A680F5B00A75B9A /* Sources */ = {
			isa = PBXSourcesBuildPhase;
			buildActionMask = 2147483647;
			files = (
				B6452DCC2412783500D14AFC /* AppDelegate.m in Sources */,
				B6452DE02412783500D14AFC /* main.m in Sources */,
				B6618F4F24127B1700173C4C /* OTInstall.swift in Sources */,
			);
			runOnlyForDeploymentPostprocessing = 0;
		};
/* End PBXSourcesBuildPhase section */

/* Begin PBXVariantGroup section */
		B6452DB62412783500D14AFC /* LaunchScreen.xib */ = {
			isa = PBXVariantGroup;
			children = (
				B6452DB72412783500D14AFC /* Base */,
			);
			name = LaunchScreen.xib;
			sourceTree = "<group>";
		};
/* End PBXVariantGroup section */

/* Begin XCBuildConfiguration section */
		13B07F941A680F5B00A75B9A /* Debug */ = {
			isa = XCBuildConfiguration;
			baseConfigurationReference = DD735413DDCABE397FB45771 /* Pods-ApolloDoctor.debug.xcconfig */;
			buildSettings = {
				ASSETCATALOG_COMPILER_APPICON_NAME = AppIcon;
				CLANG_ENABLE_MODULES = YES;
				CODE_SIGN_ENTITLEMENTS = ApolloDoctor/ApolloDoctor.entitlements;
				CODE_SIGN_IDENTITY = "Apple Distribution: Apollo Hospitals Enterprise Limited (4A6H5Y5CK5)";
				CODE_SIGN_STYLE = Manual;
				CURRENT_PROJECT_VERSION = 1;
				DEAD_CODE_STRIPPING = NO;
				DEVELOPMENT_TEAM = 4A6H5Y5CK5;
				FRAMEWORK_SEARCH_PATHS = (
					"$(inherited)",
					"$(PROJECT_DIR)",
					"$(PROJECT_DIR)/ApolloDoctor",
				);
				HEADER_SEARCH_PATHS = (
					"$(inherited)",
					"$(SRCROOT)/../node_modules/react-native-gesture-handler/ios/**",
					"$(SRCROOT)/../node_modules/react-native-vector-icons/RNVectorIconsManager",
					"$(SRCROOT)/../node_modules/react-native-splash-screen/ios",
				);
				INFOPLIST_FILE = "$(SRCROOT)/ApolloDoctor/Info.plist";
				LD_RUNPATH_SEARCH_PATHS = "$(inherited) @executable_path/Frameworks";
				LIBRARY_SEARCH_PATHS = "$(inherited)";
				MARKETING_VERSION = 1.000;
				OTHER_LDFLAGS = (
					"$(inherited)",
					"-lc++",
					"-ObjC",
				);
				PRODUCT_BUNDLE_IDENTIFIER = com.apollo.doctor247;
				PRODUCT_NAME = ApolloDoctor;
				PROVISIONING_PROFILE_SPECIFIER = ApolloDoctor247_Adhoc;
				SWIFT_OBJC_BRIDGING_HEADER = "ApolloDoctor/ApolloDoctor-Bridging-Header.h";
				SWIFT_OPTIMIZATION_LEVEL = "-Onone";
				SWIFT_VERSION = 5.0;
				VERSIONING_SYSTEM = "apple-generic";
			};
			name = Debug;
		};
		13B07F951A680F5B00A75B9A /* Release */ = {
			isa = XCBuildConfiguration;
			baseConfigurationReference = C654B1BB47EB92AF414FCDCC /* Pods-ApolloDoctor.release.xcconfig */;
			buildSettings = {
				ASSETCATALOG_COMPILER_APPICON_NAME = AppIcon;
				CLANG_ENABLE_MODULES = YES;
				CODE_SIGN_ENTITLEMENTS = ApolloDoctor/ApolloDoctor.entitlements;
				CODE_SIGN_IDENTITY = "Apple Distribution: Apollo Hospitals Enterprise Limited (4A6H5Y5CK5)";
				CODE_SIGN_STYLE = Manual;
				CURRENT_PROJECT_VERSION = 1;
				DEVELOPMENT_TEAM = 4A6H5Y5CK5;
				FRAMEWORK_SEARCH_PATHS = (
					"$(inherited)",
					"$(PROJECT_DIR)",
					"$(PROJECT_DIR)/ApolloDoctor",
				);
				HEADER_SEARCH_PATHS = (
					"$(inherited)",
					"$(SRCROOT)/../node_modules/react-native-gesture-handler/ios/**",
					"$(SRCROOT)/../node_modules/react-native-vector-icons/RNVectorIconsManager",
					"$(SRCROOT)/../node_modules/react-native-splash-screen/ios",
				);
				INFOPLIST_FILE = "$(SRCROOT)/ApolloDoctor/Info.plist";
				LD_RUNPATH_SEARCH_PATHS = "$(inherited) @executable_path/Frameworks";
				LIBRARY_SEARCH_PATHS = "$(inherited)";
				MARKETING_VERSION = 1.000;
				OTHER_LDFLAGS = (
					"$(inherited)",
					"-lc++",
					"-ObjC",
				);
				PRODUCT_BUNDLE_IDENTIFIER = com.apollo.doctor247;
				PRODUCT_NAME = ApolloDoctor;
				PROVISIONING_PROFILE_SPECIFIER = ApolloDoctor247_Adhoc;
				SWIFT_OBJC_BRIDGING_HEADER = "ApolloDoctor/ApolloDoctor-Bridging-Header.h";
				SWIFT_VERSION = 5.0;
				VERSIONING_SYSTEM = "apple-generic";
			};
			name = Release;
		};
		83CBBA201A601CBA00E9B192 /* Debug */ = {
			isa = XCBuildConfiguration;
			buildSettings = {
				ALWAYS_SEARCH_USER_PATHS = NO;
				CLANG_CXX_LANGUAGE_STANDARD = "gnu++0x";
				CLANG_CXX_LIBRARY = "libc++";
				CLANG_ENABLE_MODULES = YES;
				CLANG_ENABLE_OBJC_ARC = YES;
				CLANG_WARN_BLOCK_CAPTURE_AUTORELEASING = YES;
				CLANG_WARN_BOOL_CONVERSION = YES;
				CLANG_WARN_COMMA = YES;
				CLANG_WARN_CONSTANT_CONVERSION = YES;
				CLANG_WARN_DEPRECATED_OBJC_IMPLEMENTATIONS = YES;
				CLANG_WARN_DIRECT_OBJC_ISA_USAGE = YES_ERROR;
				CLANG_WARN_EMPTY_BODY = YES;
				CLANG_WARN_ENUM_CONVERSION = YES;
				CLANG_WARN_INFINITE_RECURSION = YES;
				CLANG_WARN_INT_CONVERSION = YES;
				CLANG_WARN_NON_LITERAL_NULL_CONVERSION = YES;
				CLANG_WARN_OBJC_IMPLICIT_RETAIN_SELF = YES;
				CLANG_WARN_OBJC_LITERAL_CONVERSION = YES;
				CLANG_WARN_OBJC_ROOT_CLASS = YES_ERROR;
				CLANG_WARN_RANGE_LOOP_ANALYSIS = YES;
				CLANG_WARN_STRICT_PROTOTYPES = YES;
				CLANG_WARN_SUSPICIOUS_MOVE = YES;
				CLANG_WARN_UNREACHABLE_CODE = YES;
				CLANG_WARN__DUPLICATE_METHOD_MATCH = YES;
				"CODE_SIGN_IDENTITY[sdk=iphoneos*]" = "iPhone Developer";
				COPY_PHASE_STRIP = NO;
				ENABLE_STRICT_OBJC_MSGSEND = YES;
				ENABLE_TESTABILITY = YES;
				GCC_C_LANGUAGE_STANDARD = gnu99;
				GCC_DYNAMIC_NO_PIC = NO;
				GCC_NO_COMMON_BLOCKS = YES;
				GCC_OPTIMIZATION_LEVEL = 0;
				GCC_PREPROCESSOR_DEFINITIONS = (
					"DEBUG=1",
					"$(inherited)",
				);
				GCC_SYMBOLS_PRIVATE_EXTERN = NO;
				GCC_WARN_64_TO_32_BIT_CONVERSION = YES;
				GCC_WARN_ABOUT_RETURN_TYPE = YES_ERROR;
				GCC_WARN_UNDECLARED_SELECTOR = YES;
				GCC_WARN_UNINITIALIZED_AUTOS = YES_AGGRESSIVE;
				GCC_WARN_UNUSED_FUNCTION = YES;
				GCC_WARN_UNUSED_VARIABLE = YES;
				IPHONEOS_DEPLOYMENT_TARGET = 9.0;
				MTL_ENABLE_DEBUG_INFO = YES;
				ONLY_ACTIVE_ARCH = YES;
				SDKROOT = iphoneos;
			};
			name = Debug;
		};
		83CBBA211A601CBA00E9B192 /* Release */ = {
			isa = XCBuildConfiguration;
			buildSettings = {
				ALWAYS_SEARCH_USER_PATHS = NO;
				CLANG_CXX_LANGUAGE_STANDARD = "gnu++0x";
				CLANG_CXX_LIBRARY = "libc++";
				CLANG_ENABLE_MODULES = YES;
				CLANG_ENABLE_OBJC_ARC = YES;
				CLANG_WARN_BLOCK_CAPTURE_AUTORELEASING = YES;
				CLANG_WARN_BOOL_CONVERSION = YES;
				CLANG_WARN_COMMA = YES;
				CLANG_WARN_CONSTANT_CONVERSION = YES;
				CLANG_WARN_DEPRECATED_OBJC_IMPLEMENTATIONS = YES;
				CLANG_WARN_DIRECT_OBJC_ISA_USAGE = YES_ERROR;
				CLANG_WARN_EMPTY_BODY = YES;
				CLANG_WARN_ENUM_CONVERSION = YES;
				CLANG_WARN_INFINITE_RECURSION = YES;
				CLANG_WARN_INT_CONVERSION = YES;
				CLANG_WARN_NON_LITERAL_NULL_CONVERSION = YES;
				CLANG_WARN_OBJC_IMPLICIT_RETAIN_SELF = YES;
				CLANG_WARN_OBJC_LITERAL_CONVERSION = YES;
				CLANG_WARN_OBJC_ROOT_CLASS = YES_ERROR;
				CLANG_WARN_RANGE_LOOP_ANALYSIS = YES;
				CLANG_WARN_STRICT_PROTOTYPES = YES;
				CLANG_WARN_SUSPICIOUS_MOVE = YES;
				CLANG_WARN_UNREACHABLE_CODE = YES;
				CLANG_WARN__DUPLICATE_METHOD_MATCH = YES;
				"CODE_SIGN_IDENTITY[sdk=iphoneos*]" = "iPhone Developer";
				COPY_PHASE_STRIP = YES;
				ENABLE_NS_ASSERTIONS = NO;
				ENABLE_STRICT_OBJC_MSGSEND = YES;
				GCC_C_LANGUAGE_STANDARD = gnu99;
				GCC_NO_COMMON_BLOCKS = YES;
				GCC_WARN_64_TO_32_BIT_CONVERSION = YES;
				GCC_WARN_ABOUT_RETURN_TYPE = YES_ERROR;
				GCC_WARN_UNDECLARED_SELECTOR = YES;
				GCC_WARN_UNINITIALIZED_AUTOS = YES_AGGRESSIVE;
				GCC_WARN_UNUSED_FUNCTION = YES;
				GCC_WARN_UNUSED_VARIABLE = YES;
				IPHONEOS_DEPLOYMENT_TARGET = 9.0;
				MTL_ENABLE_DEBUG_INFO = NO;
				SDKROOT = iphoneos;
				VALIDATE_PRODUCT = YES;
			};
			name = Release;
		};
/* End XCBuildConfiguration section */

/* Begin XCConfigurationList section */
		13B07F931A680F5B00A75B9A /* Build configuration list for PBXNativeTarget "ApolloDoctor" */ = {
			isa = XCConfigurationList;
			buildConfigurations = (
				13B07F941A680F5B00A75B9A /* Debug */,
				13B07F951A680F5B00A75B9A /* Release */,
			);
			defaultConfigurationIsVisible = 0;
			defaultConfigurationName = Release;
		};
		83CBB9FA1A601CBA00E9B192 /* Build configuration list for PBXProject "ApolloDoctor" */ = {
			isa = XCConfigurationList;
			buildConfigurations = (
				83CBBA201A601CBA00E9B192 /* Debug */,
				83CBBA211A601CBA00E9B192 /* Release */,
			);
			defaultConfigurationIsVisible = 0;
			defaultConfigurationName = Release;
		};
/* End XCConfigurationList section */
	};
	rootObject = 83CBB9F71A601CBA00E9B192 /* Project object */;
}
