{
  "name": "@aph/api",
  "version": "0.0.1",
  "lockfileVersion": 1,
  "requires": true,
  "dependencies": {
    "@aph/eslint-config": {
      "version": "0.0.1",
      "dev": true
    },
    "@aph/prettier-config": {
      "version": "0.0.1",
      "dev": true
    },
    "@aph/tsconfig": {
      "version": "0.0.1",
      "dev": true
    },
    "@aph/universal": {
      "version": "0.0.1"
    },
    "webpack-filter-warnings-plugin": {
      "version": "1.2.1",
      "resolved": "https://registry.npmjs.org/webpack-filter-warnings-plugin/-/webpack-filter-warnings-plugin-1.2.1.tgz",
      "integrity": "sha512-Ez6ytc9IseDMLPo0qCuNNYzgtUl8NovOqjIq4uAU8LTD4uoa1w1KpZyyzFtLTEMZpkkOkLfL9eN+KGYdk1Qtwg==",
      "dev": true
    }
  }
}
