PODS:
  - AFNetworking (3.2.1):
    - AFNetworking/NSURLSession (= 3.2.1)
    - AFNetworking/Reachability (= 3.2.1)
    - AFNetworking/Security (= 3.2.1)
    - AFNetworking/Serialization (= 3.2.1)
    - AFNetworking/UIKit (= 3.2.1)
  - AFNetworking/NSURLSession (3.2.1):
    - AFNetworking/Reachability
    - AFNetworking/Security
    - AFNetworking/Serialization
  - AFNetworking/Reachability (3.2.1)
  - AFNetworking/Security (3.2.1)
  - AFNetworking/Serialization (3.2.1)
  - AFNetworking/UIKit (3.2.1):
    - AFNetworking/NSURLSession
  - boost-for-react-native (1.63.0)
  - BugsnagReactNative (2.23.4):
    - BugsnagReactNative/Core (= 2.23.4)
    - React
  - BugsnagReactNative/Core (2.23.4):
    - React
  - Charts (3.0.5):
    - Charts/Core (= 3.0.5)
  - Charts/Core (3.0.5)
  - Crashlytics (3.14.0):
    - Fabric (~> 1.10.2)
  - DoubleConversion (1.1.6)
  - Fabric (1.10.2)
  - FBLazyVector (0.61.3)
  - FBReactNativeSpec (0.61.3):
    - Folly (= 2018.10.22.00)
    - RCTRequired (= 0.61.3)
    - RCTTypeSafety (= 0.61.3)
    - React-Core (= 0.61.3)
    - React-jsi (= 0.61.3)
    - ReactCommon/turbomodule/core (= 0.61.3)
  - Firebase/Analytics (6.2.0):
    - Firebase/Core
  - Firebase/Auth (6.2.0):
    - Firebase/CoreOnly
    - FirebaseAuth (~> 6.1.1)
  - Firebase/Core (6.2.0):
    - Firebase/CoreOnly
    - FirebaseAnalytics (= 6.0.1)
  - Firebase/CoreOnly (6.2.0):
    - FirebaseCore (= 6.0.2)
  - Firebase/Database (6.2.0):
    - Firebase/CoreOnly
    - FirebaseDatabase (~> 6.0.0)
  - Firebase/Messaging (6.2.0):
    - Firebase/CoreOnly
    - FirebaseMessaging (~> 4.0.2)
  - Firebase/RemoteConfig (6.2.0):
    - Firebase/CoreOnly
    - FirebaseRemoteConfig (~> 4.0.0)
  - FirebaseABTesting (3.0.0):
    - FirebaseCore (~> 6.0)
    - Protobuf (~> 3.5)
  - FirebaseAnalytics (6.0.1):
    - FirebaseCore (~> 6.0)
    - FirebaseInstanceID (~> 4.1)
    - GoogleAppMeasurement (= 6.0.1)
    - GoogleUtilities/AppDelegateSwizzler (~> 6.0)
    - GoogleUtilities/MethodSwizzler (~> 6.0)
    - GoogleUtilities/Network (~> 6.0)
    - "GoogleUtilities/NSData+zlib (~> 6.0)"
    - nanopb (~> 0.3)
  - FirebaseAnalyticsInterop (1.4.0)
  - FirebaseAuth (6.1.2):
    - FirebaseAuthInterop (~> 1.0)
    - FirebaseCore (~> 6.0)
    - GoogleUtilities/AppDelegateSwizzler (~> 6.2)
    - GoogleUtilities/Environment (~> 6.2)
    - GTMSessionFetcher/Core (~> 1.1)
  - FirebaseAuthInterop (1.0.0)
  - FirebaseCore (6.0.2):
    - GoogleUtilities/Environment (~> 6.0)
    - GoogleUtilities/Logger (~> 6.0)
  - FirebaseDatabase (6.0.0):
    - FirebaseAuthInterop (~> 1.0)
    - FirebaseCore (~> 6.0)
    - leveldb-library (~> 1.18)
  - FirebaseInstanceID (4.2.7):
    - FirebaseCore (~> 6.0)
    - GoogleUtilities/Environment (~> 6.0)
    - GoogleUtilities/UserDefaults (~> 6.0)
  - FirebaseMessaging (4.0.2):
    - FirebaseAnalyticsInterop (~> 1.1)
    - FirebaseCore (~> 6.0)
    - FirebaseInstanceID (~> 4.1)
    - GoogleUtilities/AppDelegateSwizzler (~> 6.2)
    - GoogleUtilities/Environment (~> 6.2)
    - GoogleUtilities/Reachability (~> 6.2)
    - GoogleUtilities/UserDefaults (~> 6.2)
    - Protobuf (~> 3.1)
  - FirebaseRemoteConfig (4.0.0):
    - FirebaseABTesting (~> 3.0)
    - FirebaseCore (~> 6.0)
    - FirebaseInstanceID (~> 4.0)
    - GoogleUtilities/Environment (~> 6.0)
    - "GoogleUtilities/NSData+zlib (~> 6.0)"
    - Protobuf (~> 3.5)
  - FMDB (2.7.5):
    - FMDB/standard (= 2.7.5)
  - FMDB/standard (2.7.5)
  - Folly (2018.10.22.00):
    - boost-for-react-native
    - DoubleConversion
    - Folly/Default (= 2018.10.22.00)
    - glog
  - Folly/Default (2018.10.22.00):
    - boost-for-react-native
    - DoubleConversion
    - glog
  - glog (0.3.5)
  - GoogleAppMeasurement (6.0.1):
    - GoogleUtilities/AppDelegateSwizzler (~> 6.0)
    - GoogleUtilities/MethodSwizzler (~> 6.0)
    - GoogleUtilities/Network (~> 6.0)
    - "GoogleUtilities/NSData+zlib (~> 6.0)"
    - nanopb (~> 0.3)
  - GoogleIDFASupport (3.14.0)
  - GoogleUtilities/AppDelegateSwizzler (6.4.0):
    - GoogleUtilities/Environment
    - GoogleUtilities/Logger
    - GoogleUtilities/Network
  - GoogleUtilities/Environment (6.4.0)
  - GoogleUtilities/Logger (6.4.0):
    - GoogleUtilities/Environment
  - GoogleUtilities/MethodSwizzler (6.4.0):
    - GoogleUtilities/Logger
  - GoogleUtilities/Network (6.4.0):
    - GoogleUtilities/Logger
    - "GoogleUtilities/NSData+zlib"
    - GoogleUtilities/Reachability
  - "GoogleUtilities/NSData+zlib (6.4.0)"
  - GoogleUtilities/Reachability (6.4.0):
    - GoogleUtilities/Logger
  - GoogleUtilities/UserDefaults (6.4.0):
    - GoogleUtilities/Logger
  - GTMSessionFetcher/Core (1.3.1)
  - IQKeyboardManager (6.5.4)
  - JWTDecode (2.4.0)
  - leveldb-library (1.22)
  - nanopb (0.3.9011):
    - nanopb/decode (= 0.3.9011)
    - nanopb/encode (= 0.3.9011)
  - nanopb/decode (0.3.9011)
  - nanopb/encode (0.3.9011)
  - OpenTok (2.16.3)
  - opentok-react-native (0.12.2):
    - OpenTok
    - React
  - Protobuf (3.11.2)
  - QBImagePickerController (3.4.0)
  - RCTRequired (0.61.3)
  - RCTTypeSafety (0.61.3):
    - FBLazyVector (= 0.61.3)
    - Folly (= 2018.10.22.00)
    - RCTRequired (= 0.61.3)
    - React-Core (= 0.61.3)
  - React (0.61.3):
    - React-Core (= 0.61.3)
    - React-Core/DevSupport (= 0.61.3)
    - React-Core/RCTWebSocket (= 0.61.3)
    - React-RCTActionSheet (= 0.61.3)
    - React-RCTAnimation (= 0.61.3)
    - React-RCTBlob (= 0.61.3)
    - React-RCTImage (= 0.61.3)
    - React-RCTLinking (= 0.61.3)
    - React-RCTNetwork (= 0.61.3)
    - React-RCTSettings (= 0.61.3)
    - React-RCTText (= 0.61.3)
    - React-RCTVibration (= 0.61.3)
  - React-Core (0.61.3):
    - Folly (= 2018.10.22.00)
    - glog
    - React-Core/Default (= 0.61.3)
    - React-cxxreact (= 0.61.3)
    - React-jsi (= 0.61.3)
    - React-jsiexecutor (= 0.61.3)
    - Yoga
  - React-Core/CoreModulesHeaders (0.61.3):
    - Folly (= 2018.10.22.00)
    - glog
    - React-Core/Default
    - React-cxxreact (= 0.61.3)
    - React-jsi (= 0.61.3)
    - React-jsiexecutor (= 0.61.3)
    - Yoga
  - React-Core/Default (0.61.3):
    - Folly (= 2018.10.22.00)
    - glog
    - React-cxxreact (= 0.61.3)
    - React-jsi (= 0.61.3)
    - React-jsiexecutor (= 0.61.3)
    - Yoga
  - React-Core/DevSupport (0.61.3):
    - Folly (= 2018.10.22.00)
    - glog
    - React-Core/Default (= 0.61.3)
    - React-Core/RCTWebSocket (= 0.61.3)
    - React-cxxreact (= 0.61.3)
    - React-jsi (= 0.61.3)
    - React-jsiexecutor (= 0.61.3)
    - React-jsinspector (= 0.61.3)
    - Yoga
  - React-Core/RCTActionSheetHeaders (0.61.3):
    - Folly (= 2018.10.22.00)
    - glog
    - React-Core/Default
    - React-cxxreact (= 0.61.3)
    - React-jsi (= 0.61.3)
    - React-jsiexecutor (= 0.61.3)
    - Yoga
  - React-Core/RCTAnimationHeaders (0.61.3):
    - Folly (= 2018.10.22.00)
    - glog
    - React-Core/Default
    - React-cxxreact (= 0.61.3)
    - React-jsi (= 0.61.3)
    - React-jsiexecutor (= 0.61.3)
    - Yoga
  - React-Core/RCTBlobHeaders (0.61.3):
    - Folly (= 2018.10.22.00)
    - glog
    - React-Core/Default
    - React-cxxreact (= 0.61.3)
    - React-jsi (= 0.61.3)
    - React-jsiexecutor (= 0.61.3)
    - Yoga
  - React-Core/RCTImageHeaders (0.61.3):
    - Folly (= 2018.10.22.00)
    - glog
    - React-Core/Default
    - React-cxxreact (= 0.61.3)
    - React-jsi (= 0.61.3)
    - React-jsiexecutor (= 0.61.3)
    - Yoga
  - React-Core/RCTLinkingHeaders (0.61.3):
    - Folly (= 2018.10.22.00)
    - glog
    - React-Core/Default
    - React-cxxreact (= 0.61.3)
    - React-jsi (= 0.61.3)
    - React-jsiexecutor (= 0.61.3)
    - Yoga
  - React-Core/RCTNetworkHeaders (0.61.3):
    - Folly (= 2018.10.22.00)
    - glog
    - React-Core/Default
    - React-cxxreact (= 0.61.3)
    - React-jsi (= 0.61.3)
    - React-jsiexecutor (= 0.61.3)
    - Yoga
  - React-Core/RCTSettingsHeaders (0.61.3):
    - Folly (= 2018.10.22.00)
    - glog
    - React-Core/Default
    - React-cxxreact (= 0.61.3)
    - React-jsi (= 0.61.3)
    - React-jsiexecutor (= 0.61.3)
    - Yoga
  - React-Core/RCTTextHeaders (0.61.3):
    - Folly (= 2018.10.22.00)
    - glog
    - React-Core/Default
    - React-cxxreact (= 0.61.3)
    - React-jsi (= 0.61.3)
    - React-jsiexecutor (= 0.61.3)
    - Yoga
  - React-Core/RCTVibrationHeaders (0.61.3):
    - Folly (= 2018.10.22.00)
    - glog
    - React-Core/Default
    - React-cxxreact (= 0.61.3)
    - React-jsi (= 0.61.3)
    - React-jsiexecutor (= 0.61.3)
    - Yoga
  - React-Core/RCTWebSocket (0.61.3):
    - Folly (= 2018.10.22.00)
    - glog
    - React-Core/Default (= 0.61.3)
    - React-cxxreact (= 0.61.3)
    - React-jsi (= 0.61.3)
    - React-jsiexecutor (= 0.61.3)
    - Yoga
  - React-CoreModules (0.61.3):
    - FBReactNativeSpec (= 0.61.3)
    - Folly (= 2018.10.22.00)
    - RCTTypeSafety (= 0.61.3)
    - React-Core/CoreModulesHeaders (= 0.61.3)
    - React-RCTImage (= 0.61.3)
    - ReactCommon/turbomodule/core (= 0.61.3)
  - React-cxxreact (0.61.3):
    - boost-for-react-native (= 1.63.0)
    - DoubleConversion
    - Folly (= 2018.10.22.00)
    - glog
    - React-jsinspector (= 0.61.3)
  - React-jsi (0.61.3):
    - boost-for-react-native (= 1.63.0)
    - DoubleConversion
    - Folly (= 2018.10.22.00)
    - glog
    - React-jsi/Default (= 0.61.3)
  - React-jsi/Default (0.61.3):
    - boost-for-react-native (= 1.63.0)
    - DoubleConversion
    - Folly (= 2018.10.22.00)
    - glog
  - React-jsiexecutor (0.61.3):
    - DoubleConversion
    - Folly (= 2018.10.22.00)
    - glog
    - React-cxxreact (= 0.61.3)
    - React-jsi (= 0.61.3)
  - React-jsinspector (0.61.3)
  - react-native-geolocation (2.0.2):
    - React
  - react-native-image-picker (2.0.0):
    - React
  - react-native-keep-awake (4.0.0):
    - React
  - react-native-netinfo (5.3.2):
    - React
  - react-native-pdf (6.0.1):
    - React
  - react-native-splash-screen (3.2.0):
    - React
  - react-native-webview (8.0.3):
    - React
  - React-RCTActionSheet (0.61.3):
    - React-Core/RCTActionSheetHeaders (= 0.61.3)
  - React-RCTAnimation (0.61.3):
    - React-Core/RCTAnimationHeaders (= 0.61.3)
  - React-RCTBlob (0.61.3):
    - React-Core/RCTBlobHeaders (= 0.61.3)
    - React-Core/RCTWebSocket (= 0.61.3)
    - React-jsi (= 0.61.3)
    - React-RCTNetwork (= 0.61.3)
  - React-RCTImage (0.61.3):
    - React-Core/RCTImageHeaders (= 0.61.3)
    - React-RCTNetwork (= 0.61.3)
  - React-RCTLinking (0.61.3):
    - React-Core/RCTLinkingHeaders (= 0.61.3)
  - React-RCTNetwork (0.61.3):
    - React-Core/RCTNetworkHeaders (= 0.61.3)
  - React-RCTSettings (0.61.3):
    - React-Core/RCTSettingsHeaders (= 0.61.3)
  - React-RCTText (0.61.3):
    - React-Core/RCTTextHeaders (= 0.61.3)
  - React-RCTVibration (0.61.3):
    - React-Core/RCTVibrationHeaders (= 0.61.3)
  - ReactCommon/jscallinvoker (0.61.3):
    - DoubleConversion
    - Folly (= 2018.10.22.00)
    - glog
    - React-cxxreact (= 0.61.3)
  - ReactCommon/turbomodule/core (0.61.3):
    - DoubleConversion
    - Folly (= 2018.10.22.00)
    - glog
    - React-Core (= 0.61.3)
    - React-cxxreact (= 0.61.3)
    - React-jsi (= 0.61.3)
    - ReactCommon/jscallinvoker (= 0.61.3)
  - ReactNativeExceptionHandler (2.10.8):
    - React
  - ReactNativeIncallManager (3.2.7):
    - React
  - ReactNativePermissions (1.2.1):
    - React
  - ReverseExtension (0.5.0)
  - rn-fetch-blob (0.12.0):
    - React-Core
  - RNCAsyncStorage (1.6.3):
    - React
  - RNDeviceInfo (5.4.1):
    - React
  - RNFirebase (5.5.6):
    - Firebase/Core
    - React
    - RNFirebase/Crashlytics (= 5.5.6)
  - RNFirebase/Crashlytics (5.5.6):
    - Crashlytics
    - Fabric
    - Firebase/Core
    - React
  - RNGestureHandler (1.5.3):
    - React
  - RNImageCropPicker (0.26.2):
    - QBImagePickerController
    - React-Core
    - React-RCTImage
    - RSKImageCropper
  - RNVectorIcons (6.6.0):
    - React
  - RSKImageCropper (2.2.3)
  - SDWebImage (5.4.2):
    - SDWebImage/Core (= 5.4.2)
  - SDWebImage/Core (5.4.2)
  - Stylish (1.0.2)
  - TGFoursquareLocationDetail (1.0.1)
  - TwilioChatClient (2.2.0)
  - Yoga (1.14.0)
  - youtube-ios-player-helper (0.1.6)

DEPENDENCIES:
  - AFNetworking (~> 3.2.1)
  - BugsnagReactNative (from `../node_modules/bugsnag-react-native`)
  - Charts (~> 3.0.4)
  - DoubleConversion (from `../node_modules/react-native/third-party-podspecs/DoubleConversion.podspec`)
  - FBLazyVector (from `../node_modules/react-native/Libraries/FBLazyVector`)
  - FBReactNativeSpec (from `../node_modules/react-native/Libraries/FBReactNativeSpec`)
  - Firebase/Analytics
  - Firebase/Auth
  - Firebase/Core (~> 6.2.0)
  - Firebase/Database (~> 6.2.0)
  - Firebase/Messaging (~> 6.2.0)
  - Firebase/RemoteConfig (~> 6.2.0)
  - FMDB
  - Folly (from `../node_modules/react-native/third-party-podspecs/Folly.podspec`)
  - glog (from `../node_modules/react-native/third-party-podspecs/glog.podspec`)
  - GoogleAppMeasurement
  - GoogleIDFASupport (~> 3.14.0)
  - IQKeyboardManager
  - JWTDecode (~> 2.4)
  - OpenTok (~> 2.16.3)
  - opentok-react-native (from `../node_modules/opentok-react-native`)
  - RCTRequired (from `../node_modules/react-native/Libraries/RCTRequired`)
  - RCTTypeSafety (from `../node_modules/react-native/Libraries/TypeSafety`)
  - React (from `../node_modules/react-native/`)
  - React-Core (from `../node_modules/react-native/`)
  - React-Core/DevSupport (from `../node_modules/react-native/`)
  - React-Core/RCTWebSocket (from `../node_modules/react-native/`)
  - React-CoreModules (from `../node_modules/react-native/React/CoreModules`)
  - React-cxxreact (from `../node_modules/react-native/ReactCommon/cxxreact`)
  - React-jsi (from `../node_modules/react-native/ReactCommon/jsi`)
  - React-jsiexecutor (from `../node_modules/react-native/ReactCommon/jsiexecutor`)
  - React-jsinspector (from `../node_modules/react-native/ReactCommon/jsinspector`)
  - "react-native-geolocation (from `../node_modules/@react-native-community/geolocation`)"
  - react-native-image-picker (from `../node_modules/react-native-image-picker`)
  - react-native-keep-awake (from `../node_modules/react-native-keep-awake`)
  - "react-native-netinfo (from `../node_modules/@react-native-community/netinfo`)"
  - react-native-pdf (from `../node_modules/react-native-pdf`)
  - react-native-splash-screen (from `../node_modules/react-native-splash-screen`)
  - react-native-webview (from `../node_modules/react-native-webview`)
  - React-RCTActionSheet (from `../node_modules/react-native/Libraries/ActionSheetIOS`)
  - React-RCTAnimation (from `../node_modules/react-native/Libraries/NativeAnimation`)
  - React-RCTBlob (from `../node_modules/react-native/Libraries/Blob`)
  - React-RCTImage (from `../node_modules/react-native/Libraries/Image`)
  - React-RCTLinking (from `../node_modules/react-native/Libraries/LinkingIOS`)
  - React-RCTNetwork (from `../node_modules/react-native/Libraries/Network`)
  - React-RCTSettings (from `../node_modules/react-native/Libraries/Settings`)
  - React-RCTText (from `../node_modules/react-native/Libraries/Text`)
  - React-RCTVibration (from `../node_modules/react-native/Libraries/Vibration`)
  - ReactCommon/jscallinvoker (from `../node_modules/react-native/ReactCommon`)
  - ReactCommon/turbomodule/core (from `../node_modules/react-native/ReactCommon`)
  - ReactNativeExceptionHandler (from `../node_modules/react-native-exception-handler`)
  - ReactNativeIncallManager (from `../node_modules/react-native-incall-manager`)
  - ReactNativePermissions (from `../node_modules/react-native-permissions`)
  - ReverseExtension
  - rn-fetch-blob (from `../node_modules/rn-fetch-blob`)
  - "RNCAsyncStorage (from `../node_modules/@react-native-community/async-storage`)"
  - RNDeviceInfo (from `../node_modules/react-native-device-info`)
  - RNFirebase (from `../node_modules/react-native-firebase/ios`)
  - RNGestureHandler (from `../node_modules/react-native-gesture-handler`)
  - RNImageCropPicker (from `../node_modules/react-native-image-crop-picker`)
  - RNVectorIcons (from `../node_modules/react-native-vector-icons`)
  - SDWebImage (~> 5.0)
  - Stylish
  - TGFoursquareLocationDetail
  - TwilioChatClient (= 2.2.0)
  - Yoga (from `../node_modules/react-native/ReactCommon/yoga`)
  - youtube-ios-player-helper (~> 0.1.4)

SPEC REPOS:
  https://github.com/cocoapods/specs.git:
    - AFNetworking
    - boost-for-react-native
    - Charts
    - Crashlytics
    - Fabric
    - Firebase
    - FirebaseABTesting
    - FirebaseAnalytics
    - FirebaseAnalyticsInterop
    - FirebaseAuth
    - FirebaseAuthInterop
    - FirebaseCore
    - FirebaseDatabase
    - FirebaseInstanceID
    - FirebaseMessaging
    - FirebaseRemoteConfig
    - FMDB
    - GoogleAppMeasurement
    - GoogleIDFASupport
    - GoogleUtilities
    - GTMSessionFetcher
    - IQKeyboardManager
    - JWTDecode
    - leveldb-library
    - nanopb
    - OpenTok
    - Protobuf
    - QBImagePickerController
    - ReverseExtension
    - RSKImageCropper
    - SDWebImage
    - Stylish
    - TGFoursquareLocationDetail
    - TwilioChatClient
    - youtube-ios-player-helper

EXTERNAL SOURCES:
  BugsnagReactNative:
    :path: "../node_modules/bugsnag-react-native"
  DoubleConversion:
    :podspec: "../node_modules/react-native/third-party-podspecs/DoubleConversion.podspec"
  FBLazyVector:
    :path: "../node_modules/react-native/Libraries/FBLazyVector"
  FBReactNativeSpec:
    :path: "../node_modules/react-native/Libraries/FBReactNativeSpec"
  Folly:
    :podspec: "../node_modules/react-native/third-party-podspecs/Folly.podspec"
  glog:
    :podspec: "../node_modules/react-native/third-party-podspecs/glog.podspec"
  opentok-react-native:
    :path: "../node_modules/opentok-react-native"
  RCTRequired:
    :path: "../node_modules/react-native/Libraries/RCTRequired"
  RCTTypeSafety:
    :path: "../node_modules/react-native/Libraries/TypeSafety"
  React:
    :path: "../node_modules/react-native/"
  React-Core:
    :path: "../node_modules/react-native/"
  React-CoreModules:
    :path: "../node_modules/react-native/React/CoreModules"
  React-cxxreact:
    :path: "../node_modules/react-native/ReactCommon/cxxreact"
  React-jsi:
    :path: "../node_modules/react-native/ReactCommon/jsi"
  React-jsiexecutor:
    :path: "../node_modules/react-native/ReactCommon/jsiexecutor"
  React-jsinspector:
    :path: "../node_modules/react-native/ReactCommon/jsinspector"
  react-native-geolocation:
    :path: "../node_modules/@react-native-community/geolocation"
  react-native-image-picker:
    :path: "../node_modules/react-native-image-picker"
  react-native-keep-awake:
    :path: "../node_modules/react-native-keep-awake"
  react-native-netinfo:
    :path: "../node_modules/@react-native-community/netinfo"
  react-native-pdf:
    :path: "../node_modules/react-native-pdf"
  react-native-splash-screen:
    :path: "../node_modules/react-native-splash-screen"
  react-native-webview:
    :path: "../node_modules/react-native-webview"
  React-RCTActionSheet:
    :path: "../node_modules/react-native/Libraries/ActionSheetIOS"
  React-RCTAnimation:
    :path: "../node_modules/react-native/Libraries/NativeAnimation"
  React-RCTBlob:
    :path: "../node_modules/react-native/Libraries/Blob"
  React-RCTImage:
    :path: "../node_modules/react-native/Libraries/Image"
  React-RCTLinking:
    :path: "../node_modules/react-native/Libraries/LinkingIOS"
  React-RCTNetwork:
    :path: "../node_modules/react-native/Libraries/Network"
  React-RCTSettings:
    :path: "../node_modules/react-native/Libraries/Settings"
  React-RCTText:
    :path: "../node_modules/react-native/Libraries/Text"
  React-RCTVibration:
    :path: "../node_modules/react-native/Libraries/Vibration"
  ReactCommon:
    :path: "../node_modules/react-native/ReactCommon"
  ReactNativeExceptionHandler:
    :path: "../node_modules/react-native-exception-handler"
  ReactNativeIncallManager:
    :path: "../node_modules/react-native-incall-manager"
  ReactNativePermissions:
    :path: "../node_modules/react-native-permissions"
  rn-fetch-blob:
    :path: "../node_modules/rn-fetch-blob"
  RNCAsyncStorage:
    :path: "../node_modules/@react-native-community/async-storage"
  RNDeviceInfo:
    :path: "../node_modules/react-native-device-info"
  RNFirebase:
    :path: "../node_modules/react-native-firebase/ios"
  RNGestureHandler:
    :path: "../node_modules/react-native-gesture-handler"
  RNImageCropPicker:
    :path: "../node_modules/react-native-image-crop-picker"
  RNVectorIcons:
    :path: "../node_modules/react-native-vector-icons"
  Yoga:
    :path: "../node_modules/react-native/ReactCommon/yoga"

SPEC CHECKSUMS:
  AFNetworking: b6f891fdfaed196b46c7a83cf209e09697b94057
  boost-for-react-native: 39c7adb57c4e60d6c5479dd8623128eb5b3f0f2c
  BugsnagReactNative: bfa11ce45f7ee311962ecda93f190b6ea74329fe
  Charts: 45cdc985b764c838b35ee47eb1365d15735f6d1a
  Crashlytics: 540b7e5f5da5a042647227a5e3ac51d85eed06df
  DoubleConversion: 5805e889d232975c086db112ece9ed034df7a0b2
  Fabric: 706c8b8098fff96c33c0db69cbf81f9c551d0d74
  FBLazyVector: 5bc5b1606fc9a7ac6956de049f6e30901ed31c49
  FBReactNativeSpec: f7be9bcc5ce259f7c39509f3f4caf59020d11d4c
  Firebase: 5965bac23e7fcb5fa6d926ed429c9ecef8a2014e
  FirebaseABTesting: a32c488eb75089a61eb3d86db061dfb909d765db
  FirebaseAnalytics: 629301c2b9925f3537d4093a17a72751ae5b7084
  FirebaseAnalyticsInterop: d48b6ab67bcf016a05e55b71fc39c61c0cb6b7f3
  FirebaseAuth: 7fa2cc010b93770831a4e7a60651b52c3b8d111a
  FirebaseAuthInterop: 0ffa57668be100582bb7643d4fcb7615496c41fc
  FirebaseCore: b0f0262acebfa540e5f97b3832dbb13186980822
  FirebaseDatabase: f48e067716864be2b855cf716b927ef375d6cfa0
  FirebaseInstanceID: ebd2ea79ee38db0cb5f5167b17a0d387e1cc7b6e
  FirebaseMessaging: 20b6626c41be7840aed7a3dd9a14003efae3d588
  FirebaseRemoteConfig: 40f75c6ea20a52bf65ef44e3898910dd5b57c532
  FMDB: 2ce00b547f966261cd18927a3ddb07cb6f3db82a
  Folly: 30e7936e1c45c08d884aa59369ed951a8e68cf51
  glog: 1f3da668190260b06b429bb211bfbee5cd790c28
  GoogleAppMeasurement: 51d8d9ea48f0ca44484d29cfbdef976fbd4fc336
  GoogleIDFASupport: aaf8c10bd429abb1c15349d5252244f5eda8ead1
  GoogleUtilities: 29bd0d8f850efbd28cff6d99e8b7da1f8d236bcf
  GTMSessionFetcher: cea130bbfe5a7edc8d06d3f0d17288c32ffe9925
  IQKeyboardManager: 72b359cd7e777e3a984cedbe05f8da45320cbb63
  JWTDecode: 0930fb517c27bac2daef7cabc13577b18fdee0da
  leveldb-library: 55d93ee664b4007aac644a782d11da33fba316f7
  nanopb: 18003b5e52dab79db540fe93fe9579f399bd1ccd
  OpenTok: e17e1333108837cf0669be5de8f3155d1eb7ac12
  opentok-react-native: 1a0be9bdb787cef9ca0338169e365fa63d8a39fb
  Protobuf: dd1aaea7140debfe4dd0683fb8ef208e527ae153
  QBImagePickerController: d54cf93db6decf26baf6ed3472f336ef35cae022
  RCTRequired: a72523286ea3381f97b28d87529c265baad3ad7d
  RCTTypeSafety: e3cc0537400222250f0be37bd69f4b339d3c0a0f
  React: 3dc877fc32548b0c7108ca7f301466f4956cbff8
  React-Core: ca94e2e7d22cdcc266a405c4d2ad5e5675145776
  React-CoreModules: aa415458b5d7dacd10ac1b324d679f6e17cd8685
  React-cxxreact: bac5da3d62ee98abd3c1bf7338a7cc6205da7f69
  React-jsi: 8bcf5836caa8a759c135ab9ef97f3e023a7b94af
  React-jsiexecutor: ae078e9df9c65bcdcf68f9a17656657932d95528
  React-jsinspector: a8939cc6909607eb5e8a5ecfff7c6226984e174d
  react-native-geolocation: cbd9d6bd06bac411eed2671810f454d4908484a8
  react-native-image-picker: ba7fe85b3373ff33d4827210d989dfcbbd68f7f9
  react-native-keep-awake: eba3137546b10003361b37c761f6c429b59814ae
  react-native-netinfo: 7baf6d0436122ea5d98dc3f17a60fe56c8048046
  react-native-pdf: 29a09815e99c92743aa8459a90564aaddd4065e0
  react-native-splash-screen: 200d11d188e2e78cea3ad319964f6142b6384865
  react-native-webview: de308e0b614039e483eef19a3cf6a9b6b166cff0
  React-RCTActionSheet: 94671eef55b01a93be735605822ef712d5ea208e
  React-RCTAnimation: 524ae33e73de9c0fe6501a7a4bda8e01d26499d9
  React-RCTBlob: 5481c2db702f57207af7e7a9b32d90524b821b72
  React-RCTImage: b472cc0606f8a7c1ac270d6ccc57123a09439a32
  React-RCTLinking: 9cfc7bfdfda078489736695ac476de1f265b9f82
  React-RCTNetwork: 967547e4eeac92e55d41573a82da7fff4003052a
  React-RCTSettings: 6ab7911172056b5077dacd9240f057eeeb1b121b
  React-RCTText: b8f895b94aa0e7778fef28d13f3d71eed4a10c3d
  React-RCTVibration: 262588c97551b0b1c675468cda857466ba5af18f
  ReactCommon: c2c63d9290b422ca6ad5b3663073a015dd892ae9
  ReactNativeExceptionHandler: 8025d98049c25f186835a3af732dd7c9974d6dce
  ReactNativeIncallManager: 35e387f58d3fc6e8cc042f47a2256b5f50134a67
  ReactNativePermissions: e7db6c38a2f3fb8f26dbfdcaeb5c5e9364657a6d
  ReverseExtension: 21c8dd4e767f93b56fb97d873686d24160f83945
  rn-fetch-blob: f065bb7ab7fb48dd002629f8bdcb0336602d3cba
  RNCAsyncStorage: 6b57de0f6cb0dcfd17521af1681fa39001d3efff
  RNDeviceInfo: 54556486cd02538dbef727f39292d096abe0cf0e
  RNFirebase: ac0de8b24c6f91ae9459575491ed6a77327619c6
  RNGestureHandler: 02905abe54e1f6e59c081a10b4bd689721e17aa6
  RNImageCropPicker: 9d1a7eea4f8368fc479cbd2bf26459bd3c74d9aa
  RNVectorIcons: 0bb4def82230be1333ddaeee9fcba45f0b288ed4
  RSKImageCropper: a446db0e8444a036b34f3c43db01b2373baa4b2a
  SDWebImage: 4ca2dc4eefae4224bea8f504251cda485a363745
  Stylish: 28b6e4f177bfb94fae32fd8e6b31a31b38035318
  TGFoursquareLocationDetail: e2255e26b6c12d97b34fb95d88b67ab84cba1128
  TwilioChatClient: eca6db5972be042593890b55641699545d73d3af
  Yoga: 02036f6383c0008edb7ef0773a0e6beb6ce82bd1
  youtube-ios-player-helper: 21ab92db027c7ff86cb17a3843a3f6eafc8158d2

PODFILE CHECKSUM: 2c24579aaa3f1fcc53c5eb8702dba64e94349632

COCOAPODS: 1.7.1
