PODS:
  - AFNetworking (3.2.1):
    - AFNetworking/NSURLSession (= 3.2.1)
    - AFNetworking/Reachability (= 3.2.1)
    - AFNetworking/Security (= 3.2.1)
    - AFNetworking/Serialization (= 3.2.1)
    - AFNetworking/UIKit (= 3.2.1)
  - AFNetworking/NSURLSession (3.2.1):
    - AFNetworking/Reachability
    - AFNetworking/Security
    - AFNetworking/Serialization
  - AFNetworking/Reachability (3.2.1)
  - AFNetworking/Security (3.2.1)
  - AFNetworking/Serialization (3.2.1)
  - AFNetworking/UIKit (3.2.1):
    - AFNetworking/NSURLSession
  - AppsFlyerFramework (6.2.6):
    - AppsFlyerFramework/Main (= 6.2.6)
  - AppsFlyerFramework/Main (6.2.6)
  - Base64 (1.1.2)
  - boost-for-react-native (1.63.0)
  - BVLinearGradient (2.5.6):
    - React
  - Charts (3.3.0):
    - Charts/Core (= 3.3.0)
  - Charts/Core (3.3.0)
  - CleverTap-iOS-SDK (3.9.3):
    - SDWebImage (~> 5.1)
  - clevertap-react-native (0.5.2):
    - CleverTap-iOS-SDK (= 3.9.3)
    - React
  - CodePush (6.4.1):
    - Base64 (~> 1.1)
    - JWT (~> 3.0.0-beta.12)
    - React-Core
    - SSZipArchive (~> 2.2.2)
  - DoubleConversion (1.1.6)
  - FBLazyVector (0.61.3)
  - FBReactNativeSpec (0.61.3):
    - Folly (= 2018.10.22.00)
    - RCTRequired (= 0.61.3)
    - RCTTypeSafety (= 0.61.3)
    - React-Core (= 0.61.3)
    - React-jsi (= 0.61.3)
    - ReactCommon/turbomodule/core (= 0.61.3)
  - Firebase/Analytics (6.34.0):
    - Firebase/Core
  - Firebase/Auth (6.34.0):
    - Firebase/CoreOnly
    - FirebaseAuth (~> 6.9.2)
  - Firebase/Core (6.34.0):
    - Firebase/CoreOnly
    - FirebaseAnalytics (= 6.9.0)
  - Firebase/CoreOnly (6.34.0):
    - FirebaseCore (= 6.10.4)
  - Firebase/Crashlytics (6.34.0):
    - Firebase/CoreOnly
    - FirebaseCrashlytics (~> 4.6.2)
  - Firebase/Messaging (6.34.0):
    - Firebase/CoreOnly
    - FirebaseMessaging (~> 4.7.1)
  - Firebase/RemoteConfig (6.34.0):
    - Firebase/CoreOnly
    - FirebaseRemoteConfig (~> 4.9.1)
  - FirebaseABTesting (4.2.0):
    - FirebaseCore (~> 6.10)
  - FirebaseAnalytics (6.9.0):
    - FirebaseCore (~> 6.10)
    - FirebaseInstallations (~> 1.7)
    - GoogleAppMeasurement (= 6.9.0)
    - GoogleUtilities/AppDelegateSwizzler (~> 6.7)
    - GoogleUtilities/MethodSwizzler (~> 6.7)
    - GoogleUtilities/Network (~> 6.7)
    - "GoogleUtilities/NSData+zlib (~> 6.7)"
    - nanopb (~> 1.30906.0)
  - FirebaseAuth (6.9.2):
    - FirebaseCore (~> 6.10)
    - GoogleUtilities/AppDelegateSwizzler (~> 6.7)
    - GoogleUtilities/Environment (~> 6.7)
    - GTMSessionFetcher/Core (~> 1.1)
  - FirebaseCore (6.10.4):
    - FirebaseCoreDiagnostics (~> 1.6)
    - GoogleUtilities/Environment (~> 6.7)
    - GoogleUtilities/Logger (~> 6.7)
  - FirebaseCoreDiagnostics (1.7.0):
    - GoogleDataTransport (~> 7.4)
    - GoogleUtilities/Environment (~> 6.7)
    - GoogleUtilities/Logger (~> 6.7)
    - nanopb (~> 1.30906.0)
  - FirebaseCrashlytics (4.6.2):
    - FirebaseCore (~> 6.10)
    - FirebaseInstallations (~> 1.6)
    - GoogleDataTransport (~> 7.2)
    - nanopb (~> 1.30906.0)
    - PromisesObjC (~> 1.2)
  - FirebaseInstallations (1.7.0):
    - FirebaseCore (~> 6.10)
    - GoogleUtilities/Environment (~> 6.7)
    - GoogleUtilities/UserDefaults (~> 6.7)
    - PromisesObjC (~> 1.2)
  - FirebaseInstanceID (4.8.0):
    - FirebaseCore (~> 6.10)
    - FirebaseInstallations (~> 1.6)
    - GoogleUtilities/Environment (~> 6.7)
    - GoogleUtilities/UserDefaults (~> 6.7)
  - FirebaseMessaging (4.7.1):
    - FirebaseCore (~> 6.10)
    - FirebaseInstanceID (~> 4.7)
    - GoogleUtilities/AppDelegateSwizzler (~> 6.7)
    - GoogleUtilities/Environment (~> 6.7)
    - GoogleUtilities/Reachability (~> 6.7)
    - GoogleUtilities/UserDefaults (~> 6.7)
    - Protobuf (>= 3.9.2, ~> 3.9)
  - FirebaseRemoteConfig (4.9.1):
    - FirebaseABTesting (~> 4.2)
    - FirebaseCore (~> 6.10)
    - FirebaseInstallations (~> 1.6)
    - GoogleUtilities/Environment (~> 6.7)
    - "GoogleUtilities/NSData+zlib (~> 6.7)"
  - FMDB (2.7.5):
    - FMDB/standard (= 2.7.5)
  - FMDB/standard (2.7.5)
  - Folly (2018.10.22.00):
    - boost-for-react-native
    - DoubleConversion
    - Folly/Default (= 2018.10.22.00)
    - glog
  - Folly/Default (2018.10.22.00):
    - boost-for-react-native
    - DoubleConversion
    - glog
  - glog (0.3.5)
  - GoogleAppMeasurement (6.9.0):
    - GoogleUtilities/AppDelegateSwizzler (~> 6.7)
    - GoogleUtilities/MethodSwizzler (~> 6.7)
    - GoogleUtilities/Network (~> 6.7)
    - "GoogleUtilities/NSData+zlib (~> 6.7)"
    - nanopb (~> 1.30906.0)
  - GoogleDataTransport (7.5.1):
    - nanopb (~> 1.30906.0)
  - GoogleIDFASupport (3.14.0)
  - GoogleMaps (3.9.0):
    - GoogleMaps/Maps (= 3.9.0)
  - GoogleMaps/Base (3.9.0)
  - GoogleMaps/Maps (3.9.0):
    - GoogleMaps/Base
  - GoogleUtilities/AppDelegateSwizzler (6.7.2):
    - GoogleUtilities/Environment
    - GoogleUtilities/Logger
    - GoogleUtilities/Network
  - GoogleUtilities/Environment (6.7.2):
    - PromisesObjC (~> 1.2)
  - GoogleUtilities/Logger (6.7.2):
    - GoogleUtilities/Environment
  - GoogleUtilities/MethodSwizzler (6.7.2):
    - GoogleUtilities/Logger
  - GoogleUtilities/Network (6.7.2):
    - GoogleUtilities/Logger
    - "GoogleUtilities/NSData+zlib"
    - GoogleUtilities/Reachability
  - "GoogleUtilities/NSData+zlib (6.7.2)"
  - GoogleUtilities/Reachability (6.7.2):
    - GoogleUtilities/Logger
  - GoogleUtilities/UserDefaults (6.7.2):
    - GoogleUtilities/Logger
  - GTMSessionFetcher/Core (1.7.0)
  - hyper-sdk-react (2.0.22):
    - HyperSDK (= 2.0.76)
    - React
  - HyperSDK (2.0.76):
    - JuspaySafeBrowser (= 0.1.70)
    - Salvator (= 1.0.1)
  - IQKeyboardManager (6.5.6)
  - JuspaySafeBrowser (0.1.70)
  - JWT (3.0.0-beta.14):
    - Base64 (~> 1.1.2)
  - JWTDecode (2.6.2)
  - libwebp (1.2.0):
    - libwebp/demux (= 1.2.0)
    - libwebp/mux (= 1.2.0)
    - libwebp/webp (= 1.2.0)
  - libwebp/demux (1.2.0):
    - libwebp/webp
  - libwebp/mux (1.2.0):
    - libwebp/demux
  - libwebp/webp (1.2.0)
  - nanopb (1.30906.0):
    - nanopb/decode (= 1.30906.0)
    - nanopb/encode (= 1.30906.0)
  - nanopb/decode (1.30906.0)
  - nanopb/encode (1.30906.0)
  - OpenTok (2.20.1)
  - opentok-react-native (0.17.2):
    - OpenTok
    - React
  - PromisesObjC (1.2.12)
  - Protobuf (3.18.0)
  - QBImagePickerController (3.4.0)
  - RCTRequired (0.61.3)
  - RCTSystemSetting (1.7.6):
    - React
  - RCTTypeSafety (0.61.3):
    - FBLazyVector (= 0.61.3)
    - Folly (= 2018.10.22.00)
    - RCTRequired (= 0.61.3)
    - React-Core (= 0.61.3)
  - React (0.61.3):
    - React-Core (= 0.61.3)
    - React-Core/DevSupport (= 0.61.3)
    - React-Core/RCTWebSocket (= 0.61.3)
    - React-RCTActionSheet (= 0.61.3)
    - React-RCTAnimation (= 0.61.3)
    - React-RCTBlob (= 0.61.3)
    - React-RCTImage (= 0.61.3)
    - React-RCTLinking (= 0.61.3)
    - React-RCTNetwork (= 0.61.3)
    - React-RCTSettings (= 0.61.3)
    - React-RCTText (= 0.61.3)
    - React-RCTVibration (= 0.61.3)
  - React-Core (0.61.3):
    - Folly (= 2018.10.22.00)
    - glog
    - React-Core/Default (= 0.61.3)
    - React-cxxreact (= 0.61.3)
    - React-jsi (= 0.61.3)
    - React-jsiexecutor (= 0.61.3)
    - Yoga
  - React-Core/CoreModulesHeaders (0.61.3):
    - Folly (= 2018.10.22.00)
    - glog
    - React-Core/Default
    - React-cxxreact (= 0.61.3)
    - React-jsi (= 0.61.3)
    - React-jsiexecutor (= 0.61.3)
    - Yoga
  - React-Core/Default (0.61.3):
    - Folly (= 2018.10.22.00)
    - glog
    - React-cxxreact (= 0.61.3)
    - React-jsi (= 0.61.3)
    - React-jsiexecutor (= 0.61.3)
    - Yoga
  - React-Core/DevSupport (0.61.3):
    - Folly (= 2018.10.22.00)
    - glog
    - React-Core/Default (= 0.61.3)
    - React-Core/RCTWebSocket (= 0.61.3)
    - React-cxxreact (= 0.61.3)
    - React-jsi (= 0.61.3)
    - React-jsiexecutor (= 0.61.3)
    - React-jsinspector (= 0.61.3)
    - Yoga
  - React-Core/RCTActionSheetHeaders (0.61.3):
    - Folly (= 2018.10.22.00)
    - glog
    - React-Core/Default
    - React-cxxreact (= 0.61.3)
    - React-jsi (= 0.61.3)
    - React-jsiexecutor (= 0.61.3)
    - Yoga
  - React-Core/RCTAnimationHeaders (0.61.3):
    - Folly (= 2018.10.22.00)
    - glog
    - React-Core/Default
    - React-cxxreact (= 0.61.3)
    - React-jsi (= 0.61.3)
    - React-jsiexecutor (= 0.61.3)
    - Yoga
  - React-Core/RCTBlobHeaders (0.61.3):
    - Folly (= 2018.10.22.00)
    - glog
    - React-Core/Default
    - React-cxxreact (= 0.61.3)
    - React-jsi (= 0.61.3)
    - React-jsiexecutor (= 0.61.3)
    - Yoga
  - React-Core/RCTImageHeaders (0.61.3):
    - Folly (= 2018.10.22.00)
    - glog
    - React-Core/Default
    - React-cxxreact (= 0.61.3)
    - React-jsi (= 0.61.3)
    - React-jsiexecutor (= 0.61.3)
    - Yoga
  - React-Core/RCTLinkingHeaders (0.61.3):
    - Folly (= 2018.10.22.00)
    - glog
    - React-Core/Default
    - React-cxxreact (= 0.61.3)
    - React-jsi (= 0.61.3)
    - React-jsiexecutor (= 0.61.3)
    - Yoga
  - React-Core/RCTNetworkHeaders (0.61.3):
    - Folly (= 2018.10.22.00)
    - glog
    - React-Core/Default
    - React-cxxreact (= 0.61.3)
    - React-jsi (= 0.61.3)
    - React-jsiexecutor (= 0.61.3)
    - Yoga
  - React-Core/RCTSettingsHeaders (0.61.3):
    - Folly (= 2018.10.22.00)
    - glog
    - React-Core/Default
    - React-cxxreact (= 0.61.3)
    - React-jsi (= 0.61.3)
    - React-jsiexecutor (= 0.61.3)
    - Yoga
  - React-Core/RCTTextHeaders (0.61.3):
    - Folly (= 2018.10.22.00)
    - glog
    - React-Core/Default
    - React-cxxreact (= 0.61.3)
    - React-jsi (= 0.61.3)
    - React-jsiexecutor (= 0.61.3)
    - Yoga
  - React-Core/RCTVibrationHeaders (0.61.3):
    - Folly (= 2018.10.22.00)
    - glog
    - React-Core/Default
    - React-cxxreact (= 0.61.3)
    - React-jsi (= 0.61.3)
    - React-jsiexecutor (= 0.61.3)
    - Yoga
  - React-Core/RCTWebSocket (0.61.3):
    - Folly (= 2018.10.22.00)
    - glog
    - React-Core/Default (= 0.61.3)
    - React-cxxreact (= 0.61.3)
    - React-jsi (= 0.61.3)
    - React-jsiexecutor (= 0.61.3)
    - Yoga
  - React-CoreModules (0.61.3):
    - FBReactNativeSpec (= 0.61.3)
    - Folly (= 2018.10.22.00)
    - RCTTypeSafety (= 0.61.3)
    - React-Core/CoreModulesHeaders (= 0.61.3)
    - React-RCTImage (= 0.61.3)
    - ReactCommon/turbomodule/core (= 0.61.3)
  - React-cxxreact (0.61.3):
    - boost-for-react-native (= 1.63.0)
    - DoubleConversion
    - Folly (= 2018.10.22.00)
    - glog
    - React-jsinspector (= 0.61.3)
  - React-jsi (0.61.3):
    - boost-for-react-native (= 1.63.0)
    - DoubleConversion
    - Folly (= 2018.10.22.00)
    - glog
    - React-jsi/Default (= 0.61.3)
  - React-jsi/Default (0.61.3):
    - boost-for-react-native (= 1.63.0)
    - DoubleConversion
    - Folly (= 2018.10.22.00)
    - glog
  - React-jsiexecutor (0.61.3):
    - DoubleConversion
    - Folly (= 2018.10.22.00)
    - glog
    - React-cxxreact (= 0.61.3)
    - React-jsi (= 0.61.3)
  - React-jsinspector (0.61.3)
  - react-native-appsflyer (6.2.60):
    - AppsFlyerFramework (= 6.2.6)
    - React
  - react-native-background-timer (2.4.1):
    - React-Core
  - react-native-camera (3.44.3):
    - React-Core
    - react-native-camera/RCT (= 3.44.3)
    - react-native-camera/RN (= 3.44.3)
  - react-native-camera/RCT (3.44.3):
    - React-Core
  - react-native-camera/RN (3.44.3):
    - React-Core
  - react-native-document-picker (3.5.4):
    - React
  - react-native-geolocation-service (5.2.0):
    - React
  - react-native-html-to-pdf (0.9.1):
    - React
  - react-native-image-resizer (1.4.5):
    - React-Core
  - react-native-in-app-review (3.2.2):
    - React
  - react-native-keep-awake (4.0.0):
    - React
  - react-native-maps (0.27.1):
    - React
  - react-native-netinfo (5.9.10):
    - React-Core
  - react-native-pdf (6.2.1):
    - React
  - react-native-progress-bar-android (1.0.4):
    - React
  - react-native-progress-view (1.3.1):
    - React-Core
  - react-native-receive-sharing-intent (1.1.0):
    - React
  - react-native-splash-screen (3.2.0):
    - React
  - react-native-user-agent (2.1.0):
    - React
  - react-native-webengage (1.2.8):
    - React
    - WebEngage
  - react-native-webview (8.2.1):
    - React
  - React-RCTActionSheet (0.61.3):
    - React-Core/RCTActionSheetHeaders (= 0.61.3)
  - React-RCTAnimation (0.61.3):
    - React-Core/RCTAnimationHeaders (= 0.61.3)
  - React-RCTBlob (0.61.3):
    - React-Core/RCTBlobHeaders (= 0.61.3)
    - React-Core/RCTWebSocket (= 0.61.3)
    - React-jsi (= 0.61.3)
    - React-RCTNetwork (= 0.61.3)
  - React-RCTImage (0.61.3):
    - React-Core/RCTImageHeaders (= 0.61.3)
    - React-RCTNetwork (= 0.61.3)
  - React-RCTLinking (0.61.3):
    - React-Core/RCTLinkingHeaders (= 0.61.3)
  - React-RCTNetwork (0.61.3):
    - React-Core/RCTNetworkHeaders (= 0.61.3)
  - React-RCTSettings (0.61.3):
    - React-Core/RCTSettingsHeaders (= 0.61.3)
  - React-RCTText (0.61.3):
    - React-Core/RCTTextHeaders (= 0.61.3)
  - React-RCTVibration (0.61.3):
    - React-Core/RCTVibrationHeaders (= 0.61.3)
  - ReactCommon/jscallinvoker (0.61.3):
    - DoubleConversion
    - Folly (= 2018.10.22.00)
    - glog
    - React-cxxreact (= 0.61.3)
  - ReactCommon/turbomodule/core (0.61.3):
    - DoubleConversion
    - Folly (= 2018.10.22.00)
    - glog
    - React-Core (= 0.61.3)
    - React-cxxreact (= 0.61.3)
    - React-jsi (= 0.61.3)
    - ReactCommon/jscallinvoker (= 0.61.3)
  - ReactNativePermissions (1.2.1):
    - React
  - ReactNativeWebPFormat (1.1.2):
    - React
    - SDWebImageWebPCoder
  - ReverseExtension (0.6.0)
  - rn-fetch-blob (0.12.0):
    - React-Core
  - RNCallKeep (3.1.4):
    - React
  - RNCAsyncStorage (1.7.1):
    - React
  - RNCharts (0.5.7):
    - Charts (= 3.3.0)
    - React
    - SwiftyJSON (= 5.0)
  - RNDateTimePicker (3.5.2):
    - React-Core
  - RNDeviceInfo (5.6.5):
    - React
  - RNFBAnalytics (7.6.10):
    - Firebase/Analytics (~> 6.34.0)
    - React-Core
    - RNFBApp
  - RNFBApp (8.4.7):
    - Firebase/CoreOnly (~> 6.34.0)
    - React-Core
  - RNFBAuth (9.3.5):
    - Firebase/Auth (~> 6.34.0)
    - React-Core
    - RNFBApp
  - RNFBCrashlytics (8.5.2):
    - Firebase/Crashlytics (~> 6.34.0)
    - React-Core
    - RNFBApp
  - RNFBMessaging (7.9.2):
    - Firebase/Messaging (~> 6.34.0)
    - React-Core
    - RNFBApp
  - RNFBRemoteConfig (9.0.12):
    - Firebase/RemoteConfig (~> 6.34.0)
    - React-Core
    - RNFBApp
  - RNGestureHandler (1.5.0):
    - React
  - RNImageCropPicker (0.26.2):
    - QBImagePickerController
    - React-Core
    - React-RCTImage
    - RSKImageCropper
  - RNShare (6.5.0):
    - React-Core
  - RNSound (0.11.1):
    - React-Core
    - RNSound/Core (= 0.11.1)
  - RNSound/Core (0.11.1):
    - React-Core
  - RNSVG (12.1.1):
    - React
  - RNVectorIcons (6.7.0):
    - React
  - RNVoipPushNotification (2.1.0):
    - React-Core
  - RSKImageCropper (3.0.2)
  - Salvator (1.0.1)
  - SDWebImage (5.11.1):
    - SDWebImage/Core (= 5.11.1)
  - SDWebImage/Core (5.11.1)
  - SDWebImageWebPCoder (0.8.4):
    - libwebp (~> 1.0)
    - SDWebImage/Core (~> 5.10)
  - SSZipArchive (2.2.3)
  - Stylish (1.0.2)
  - SwiftyJSON (5.0.0)
  - TGFoursquareLocationDetail (1.0.1)
  - TwilioChatClient (2.6.6)
  - WebEngage (5.0.2):
    - WebEngage/Xcode11 (= 5.0.2)
  - WebEngage/Xcode11 (5.0.2)
  - WebEngageAppEx/ContentExtension (0.12.0):
    - WebEngageAppEx/CoreApi
  - WebEngageAppEx/CoreApi (0.12.0)
  - WebEngageBannerPush (0.12.0)
  - Yoga (1.14.0)
  - youtube-ios-player-helper (0.1.6)

DEPENDENCIES:
  - AFNetworking (~> 3.2.1)
  - BVLinearGradient (from `../node_modules/react-native-linear-gradient`)
  - Charts (~> 3.3.0)
  - clevertap-react-native (from `../node_modules/clevertap-react-native`)
  - CodePush (from `../node_modules/react-native-code-push`)
  - DoubleConversion (from `../node_modules/react-native/third-party-podspecs/DoubleConversion.podspec`)
  - FBLazyVector (from `../node_modules/react-native/Libraries/FBLazyVector`)
  - FBReactNativeSpec (from `../node_modules/react-native/Libraries/FBReactNativeSpec`)
  - FMDB
  - Folly (from `../node_modules/react-native/third-party-podspecs/Folly.podspec`)
  - glog (from `../node_modules/react-native/third-party-podspecs/glog.podspec`)
  - GoogleAppMeasurement
  - GoogleIDFASupport (~> 3.14.0)
  - GoogleMaps (~> 3.9.0)
  - hyper-sdk-react (from `../node_modules/hyper-sdk-react`)
  - IQKeyboardManager
  - JWTDecode (~> 2.4)
  - opentok-react-native (from `../node_modules/opentok-react-native`)
  - RCTRequired (from `../node_modules/react-native/Libraries/RCTRequired`)
  - RCTSystemSetting (from `../node_modules/react-native-system-setting`)
  - RCTTypeSafety (from `../node_modules/react-native/Libraries/TypeSafety`)
  - React (from `../node_modules/react-native/`)
  - React-Core (from `../node_modules/react-native/`)
  - React-Core/DevSupport (from `../node_modules/react-native/`)
  - React-Core/RCTWebSocket (from `../node_modules/react-native/`)
  - React-CoreModules (from `../node_modules/react-native/React/CoreModules`)
  - React-cxxreact (from `../node_modules/react-native/ReactCommon/cxxreact`)
  - React-jsi (from `../node_modules/react-native/ReactCommon/jsi`)
  - React-jsiexecutor (from `../node_modules/react-native/ReactCommon/jsiexecutor`)
  - React-jsinspector (from `../node_modules/react-native/ReactCommon/jsinspector`)
  - react-native-appsflyer (from `../node_modules/react-native-appsflyer`)
  - react-native-background-timer (from `../node_modules/react-native-background-timer`)
  - react-native-camera (from `../node_modules/react-native-camera`)
  - react-native-document-picker (from `../node_modules/react-native-document-picker`)
  - react-native-geolocation-service (from `../node_modules/react-native-geolocation-service`)
  - react-native-html-to-pdf (from `../node_modules/react-native-html-to-pdf`)
  - react-native-image-resizer (from `../node_modules/react-native-image-resizer`)
  - react-native-in-app-review (from `../node_modules/react-native-in-app-review`)
  - react-native-keep-awake (from `../node_modules/react-native-keep-awake`)
  - react-native-maps (from `../node_modules/react-native-maps`)
  - "react-native-netinfo (from `../node_modules/@react-native-community/netinfo`)"
  - react-native-pdf (from `../node_modules/react-native-pdf`)
  - "react-native-progress-bar-android (from `../node_modules/@react-native-community/progress-bar-android`)"
  - "react-native-progress-view (from `../node_modules/@react-native-community/progress-view`)"
  - react-native-receive-sharing-intent (from `../node_modules/react-native-receive-sharing-intent`)
  - react-native-splash-screen (from `../node_modules/react-native-splash-screen`)
  - react-native-user-agent (from `../node_modules/react-native-user-agent`)
  - react-native-webengage (from `../node_modules/react-native-webengage`)
  - react-native-webview (from `../node_modules/react-native-webview`)
  - React-RCTActionSheet (from `../node_modules/react-native/Libraries/ActionSheetIOS`)
  - React-RCTAnimation (from `../node_modules/react-native/Libraries/NativeAnimation`)
  - React-RCTBlob (from `../node_modules/react-native/Libraries/Blob`)
  - React-RCTImage (from `../node_modules/react-native/Libraries/Image`)
  - React-RCTLinking (from `../node_modules/react-native/Libraries/LinkingIOS`)
  - React-RCTNetwork (from `../node_modules/react-native/Libraries/Network`)
  - React-RCTSettings (from `../node_modules/react-native/Libraries/Settings`)
  - React-RCTText (from `../node_modules/react-native/Libraries/Text`)
  - React-RCTVibration (from `../node_modules/react-native/Libraries/Vibration`)
  - ReactCommon/jscallinvoker (from `../node_modules/react-native/ReactCommon`)
  - ReactCommon/turbomodule/core (from `../node_modules/react-native/ReactCommon`)
  - ReactNativePermissions (from `../node_modules/react-native-permissions`)
  - ReactNativeWebPFormat (from `../node_modules/react-native-webp-format`)
  - ReverseExtension
  - rn-fetch-blob (from `../node_modules/rn-fetch-blob`)
  - RNCallKeep (from `../node_modules/react-native-callkeep`)
  - "RNCAsyncStorage (from `../node_modules/@react-native-community/async-storage`)"
  - RNCharts (from `../node_modules/react-native-charts-wrapper`)
  - "RNDateTimePicker (from `../node_modules/@react-native-community/datetimepicker`)"
  - RNDeviceInfo (from `../node_modules/react-native-device-info`)
  - "RNFBAnalytics (from `../node_modules/@react-native-firebase/analytics`)"
  - "RNFBApp (from `../node_modules/@react-native-firebase/app`)"
  - "RNFBAuth (from `../node_modules/@react-native-firebase/auth`)"
  - "RNFBCrashlytics (from `../node_modules/@react-native-firebase/crashlytics`)"
  - "RNFBMessaging (from `../node_modules/@react-native-firebase/messaging`)"
  - "RNFBRemoteConfig (from `../node_modules/@react-native-firebase/remote-config`)"
  - RNGestureHandler (from `../node_modules/react-native-gesture-handler`)
  - RNImageCropPicker (from `../node_modules/react-native-image-crop-picker`)
  - RNShare (from `../node_modules/react-native-share/RNShare.podspec`)
  - RNSound (from `../node_modules/react-native-sound`)
  - RNSVG (from `../node_modules/react-native-svg`)
  - RNVectorIcons (from `../node_modules/react-native-vector-icons`)
  - RNVoipPushNotification (from `../node_modules/react-native-voip-push-notification`)
  - SDWebImage (~> 5.0)
  - Stylish
  - TGFoursquareLocationDetail
  - TwilioChatClient (= 2.6.6)
  - WebEngage (~> 5.0.2)
  - WebEngageAppEx/ContentExtension
  - WebEngageBannerPush
  - Yoga (from `../node_modules/react-native/ReactCommon/yoga`)
  - youtube-ios-player-helper (~> 0.1.4)

SPEC REPOS:
  trunk:
    - AFNetworking
    - AppsFlyerFramework
    - Base64
    - boost-for-react-native
    - Charts
    - CleverTap-iOS-SDK
    - Firebase
    - FirebaseABTesting
    - FirebaseAnalytics
    - FirebaseAuth
    - FirebaseCore
    - FirebaseCoreDiagnostics
    - FirebaseCrashlytics
    - FirebaseInstallations
    - FirebaseInstanceID
    - FirebaseMessaging
    - FirebaseRemoteConfig
    - FMDB
    - GoogleAppMeasurement
    - GoogleDataTransport
    - GoogleIDFASupport
    - GoogleMaps
    - GoogleUtilities
    - GTMSessionFetcher
    - HyperSDK
    - IQKeyboardManager
    - JuspaySafeBrowser
    - JWT
    - JWTDecode
    - libwebp
    - nanopb
    - OpenTok
    - PromisesObjC
    - Protobuf
    - QBImagePickerController
    - ReverseExtension
    - RSKImageCropper
    - Salvator
    - SDWebImage
    - SDWebImageWebPCoder
    - SSZipArchive
    - Stylish
    - SwiftyJSON
    - TGFoursquareLocationDetail
    - TwilioChatClient
    - WebEngage
    - WebEngageAppEx
    - WebEngageBannerPush
    - youtube-ios-player-helper

EXTERNAL SOURCES:
  BVLinearGradient:
    :path: "../node_modules/react-native-linear-gradient"
  clevertap-react-native:
    :path: "../node_modules/clevertap-react-native"
  CodePush:
    :path: "../node_modules/react-native-code-push"
  DoubleConversion:
    :podspec: "../node_modules/react-native/third-party-podspecs/DoubleConversion.podspec"
  FBLazyVector:
    :path: "../node_modules/react-native/Libraries/FBLazyVector"
  FBReactNativeSpec:
    :path: "../node_modules/react-native/Libraries/FBReactNativeSpec"
  Folly:
    :podspec: "../node_modules/react-native/third-party-podspecs/Folly.podspec"
  glog:
    :podspec: "../node_modules/react-native/third-party-podspecs/glog.podspec"
  hyper-sdk-react:
    :path: "../node_modules/hyper-sdk-react"
  opentok-react-native:
    :path: "../node_modules/opentok-react-native"
  RCTRequired:
    :path: "../node_modules/react-native/Libraries/RCTRequired"
  RCTSystemSetting:
    :path: "../node_modules/react-native-system-setting"
  RCTTypeSafety:
    :path: "../node_modules/react-native/Libraries/TypeSafety"
  React:
    :path: "../node_modules/react-native/"
  React-Core:
    :path: "../node_modules/react-native/"
  React-CoreModules:
    :path: "../node_modules/react-native/React/CoreModules"
  React-cxxreact:
    :path: "../node_modules/react-native/ReactCommon/cxxreact"
  React-jsi:
    :path: "../node_modules/react-native/ReactCommon/jsi"
  React-jsiexecutor:
    :path: "../node_modules/react-native/ReactCommon/jsiexecutor"
  React-jsinspector:
    :path: "../node_modules/react-native/ReactCommon/jsinspector"
  react-native-appsflyer:
    :path: "../node_modules/react-native-appsflyer"
  react-native-background-timer:
    :path: "../node_modules/react-native-background-timer"
  react-native-camera:
    :path: "../node_modules/react-native-camera"
  react-native-document-picker:
    :path: "../node_modules/react-native-document-picker"
  react-native-geolocation-service:
    :path: "../node_modules/react-native-geolocation-service"
  react-native-html-to-pdf:
    :path: "../node_modules/react-native-html-to-pdf"
  react-native-image-resizer:
    :path: "../node_modules/react-native-image-resizer"
  react-native-in-app-review:
    :path: "../node_modules/react-native-in-app-review"
  react-native-keep-awake:
    :path: "../node_modules/react-native-keep-awake"
  react-native-maps:
    :path: "../node_modules/react-native-maps"
  react-native-netinfo:
    :path: "../node_modules/@react-native-community/netinfo"
  react-native-pdf:
    :path: "../node_modules/react-native-pdf"
  react-native-progress-bar-android:
    :path: "../node_modules/@react-native-community/progress-bar-android"
  react-native-progress-view:
    :path: "../node_modules/@react-native-community/progress-view"
  react-native-receive-sharing-intent:
    :path: "../node_modules/react-native-receive-sharing-intent"
  react-native-splash-screen:
    :path: "../node_modules/react-native-splash-screen"
  react-native-user-agent:
    :path: "../node_modules/react-native-user-agent"
  react-native-webengage:
    :path: "../node_modules/react-native-webengage"
  react-native-webview:
    :path: "../node_modules/react-native-webview"
  React-RCTActionSheet:
    :path: "../node_modules/react-native/Libraries/ActionSheetIOS"
  React-RCTAnimation:
    :path: "../node_modules/react-native/Libraries/NativeAnimation"
  React-RCTBlob:
    :path: "../node_modules/react-native/Libraries/Blob"
  React-RCTImage:
    :path: "../node_modules/react-native/Libraries/Image"
  React-RCTLinking:
    :path: "../node_modules/react-native/Libraries/LinkingIOS"
  React-RCTNetwork:
    :path: "../node_modules/react-native/Libraries/Network"
  React-RCTSettings:
    :path: "../node_modules/react-native/Libraries/Settings"
  React-RCTText:
    :path: "../node_modules/react-native/Libraries/Text"
  React-RCTVibration:
    :path: "../node_modules/react-native/Libraries/Vibration"
  ReactCommon:
    :path: "../node_modules/react-native/ReactCommon"
  ReactNativePermissions:
    :path: "../node_modules/react-native-permissions"
  ReactNativeWebPFormat:
    :path: "../node_modules/react-native-webp-format"
  rn-fetch-blob:
    :path: "../node_modules/rn-fetch-blob"
  RNCallKeep:
    :path: "../node_modules/react-native-callkeep"
  RNCAsyncStorage:
    :path: "../node_modules/@react-native-community/async-storage"
  RNCharts:
    :path: "../node_modules/react-native-charts-wrapper"
  RNDateTimePicker:
    :path: "../node_modules/@react-native-community/datetimepicker"
  RNDeviceInfo:
    :path: "../node_modules/react-native-device-info"
  RNFBAnalytics:
    :path: "../node_modules/@react-native-firebase/analytics"
  RNFBApp:
    :path: "../node_modules/@react-native-firebase/app"
  RNFBAuth:
    :path: "../node_modules/@react-native-firebase/auth"
  RNFBCrashlytics:
    :path: "../node_modules/@react-native-firebase/crashlytics"
  RNFBMessaging:
    :path: "../node_modules/@react-native-firebase/messaging"
  RNFBRemoteConfig:
    :path: "../node_modules/@react-native-firebase/remote-config"
  RNGestureHandler:
    :path: "../node_modules/react-native-gesture-handler"
  RNImageCropPicker:
    :path: "../node_modules/react-native-image-crop-picker"
  RNShare:
    :path: "../node_modules/react-native-share/RNShare.podspec"
  RNSound:
    :path: "../node_modules/react-native-sound"
  RNSVG:
    :path: "../node_modules/react-native-svg"
  RNVectorIcons:
    :path: "../node_modules/react-native-vector-icons"
  RNVoipPushNotification:
    :path: "../node_modules/react-native-voip-push-notification"
  Yoga:
    :path: "../node_modules/react-native/ReactCommon/yoga"

SPEC CHECKSUMS:
  AFNetworking: b6f891fdfaed196b46c7a83cf209e09697b94057
  AppsFlyerFramework: 1ac92ce51999e77806b0ecf6ff7b72af8ee8bea4
  Base64: cecfb41a004124895a7bcee567a89bae5a89d49b
  boost-for-react-native: 39c7adb57c4e60d6c5479dd8623128eb5b3f0f2c
  BVLinearGradient: e3aad03778a456d77928f594a649e96995f1c872
  Charts: e0dd4cd8f257bccf98407b58183ddca8e8d5b578
  CleverTap-iOS-SDK: 38f386d9aed648de7ef3ca0e7e2c8531b4cf58e9
  clevertap-react-native: 5b6e13e432ece885eff7b5b7351844f7a158bb59
  CodePush: 23f72a4f0be1be2b08cb3d882b10178e204e419f
  DoubleConversion: 5805e889d232975c086db112ece9ed034df7a0b2
  FBLazyVector: 5bc5b1606fc9a7ac6956de049f6e30901ed31c49
  FBReactNativeSpec: f7be9bcc5ce259f7c39509f3f4caf59020d11d4c
  Firebase: c23a36d9e4cdf7877dfcba8dd0c58add66358999
  FirebaseABTesting: 8a9d8df3acc2b43f4a22014ddf9f601bca6af699
  FirebaseAnalytics: 3bb096873ee0d7fa4b6c70f5e9166b6da413cc7f
  FirebaseAuth: c92d49ada7948d1a23466e3db17bc4c2039dddc3
  FirebaseCore: d3a978a3cfa3240bf7e4ba7d137fdf5b22b628ec
  FirebaseCoreDiagnostics: 770ac5958e1372ce67959ae4b4f31d8e127c3ac1
  FirebaseCrashlytics: 1a747c9cc084a24dc6d9511c991db1cd078154eb
  FirebaseInstallations: 466c7b4d1f58fe16707693091da253726a731ed2
  FirebaseInstanceID: bd3ffc24367f901a43c063b36c640b345a4a5dd1
  FirebaseMessaging: 5eca4ef173de76253352511aafef774caa1cba2a
  FirebaseRemoteConfig: 35a729305f254fb15a2e541d4b36f3a379da7fdc
  FMDB: 2ce00b547f966261cd18927a3ddb07cb6f3db82a
  Folly: 30e7936e1c45c08d884aa59369ed951a8e68cf51
  glog: 1f3da668190260b06b429bb211bfbee5cd790c28
  GoogleAppMeasurement: a6a3a066369828db64eda428cb2856dc1cdc7c4e
  GoogleDataTransport: f56af7caa4ed338dc8e138a5d7c5973e66440833
  GoogleIDFASupport: aaf8c10bd429abb1c15349d5252244f5eda8ead1
  GoogleMaps: 4b5346bddfe6911bb89155d43c903020170523ac
  GoogleUtilities: 7f2f5a07f888cdb145101d6042bc4422f57e70b3
  GTMSessionFetcher: 43748f93435c2aa068b1cbe39655aaf600652e91
  hyper-sdk-react: c19d28ff181f28a3361d8c191b50bb793afb2d41
  HyperSDK: 81d39db5276b7901691e3e08dc0a377a51b06b36
  IQKeyboardManager: 2a6e97afdafc7becf0cb17a9a8d795e3a980717f
  JuspaySafeBrowser: 72f60fcd42bb61f6a6ad9b733b84810b63cc8c1b
  JWT: ef71dfb03e1f842081e64dc42eef0e164f35d251
  JWTDecode: 2cc56f950540c95fd11b14ff6388f7c6cb9760ab
  libwebp: e90b9c01d99205d03b6bb8f2c8c415e5a4ef66f0
  nanopb: 59317e09cf1f1a0af72f12af412d54edf52603fc
  OpenTok: 62dd91a1297816f61a5e5c91e6ff4ecdffa77364
  opentok-react-native: 56e3213e14bcc5222bc2e3e244c3a3b6bb3758ac
  PromisesObjC: 3113f7f76903778cf4a0586bd1ab89329a0b7b97
  Protobuf: 1a37ebea1338949e9ac35a3f06e80b3f536eec8d
  QBImagePickerController: d54cf93db6decf26baf6ed3472f336ef35cae022
  RCTRequired: a72523286ea3381f97b28d87529c265baad3ad7d
  RCTSystemSetting: 5107b7350d63b3f7b42a1277d07e4e5d9df879be
  RCTTypeSafety: e3cc0537400222250f0be37bd69f4b339d3c0a0f
  React: 3dc877fc32548b0c7108ca7f301466f4956cbff8
  React-Core: ca94e2e7d22cdcc266a405c4d2ad5e5675145776
  React-CoreModules: aa415458b5d7dacd10ac1b324d679f6e17cd8685
  React-cxxreact: bac5da3d62ee98abd3c1bf7338a7cc6205da7f69
  React-jsi: 8bcf5836caa8a759c135ab9ef97f3e023a7b94af
  React-jsiexecutor: ae078e9df9c65bcdcf68f9a17656657932d95528
  React-jsinspector: a8939cc6909607eb5e8a5ecfff7c6226984e174d
  react-native-appsflyer: 3af02cad2bcbf715629182b1e4f9201da9803ae9
  react-native-background-timer: 117fffdc9b0d6f144444bb49029f94275a45fdb5
  react-native-camera: fefef39fcd20850d17c3780638b04f741e0ccaae
  react-native-document-picker: c5752781fbc0c126c627c1549b037c139444a4cf
  react-native-geolocation-service: 7c9436da6dfdecd9526c62eac62ea2bc3f0cc8ea
  react-native-html-to-pdf: 95ffebf254a9a1e5aaacfcaf4116974096b060d8
  react-native-image-resizer: 506412a2bdd70dde64a61e13505ce10f61a04369
  react-native-in-app-review: 00a66a085c61dbd4474041dc14e7bfee81a86130
  react-native-keep-awake: eba3137546b10003361b37c761f6c429b59814ae
  react-native-maps: f4b89da81626ad7f151a8bfcb79733295d31ce5c
  react-native-netinfo: 52cf0ee8342548a485e28f4b09e56b477567244d
  react-native-pdf: 2fc624841b3628db8df318c803874152b33580f5
  react-native-progress-bar-android: ce95a69f11ac580799021633071368d08aaf9ad8
  react-native-progress-view: 11298da10e13c29bd28042bc0f284d9868f5da18
  react-native-receive-sharing-intent: 648f1eb35ae70886a8733d6be949042aa5111ffb
  react-native-splash-screen: 200d11d188e2e78cea3ad319964f6142b6384865
  react-native-user-agent: 6ca9356042c87659876db9307109ebd653fd4429
  react-native-webengage: d5c6eed417081e3146fe017058103917799d16cf
  react-native-webview: d3cf75764f98fd433f1222f5a7ca8e355ada2a15
  React-RCTActionSheet: 94671eef55b01a93be735605822ef712d5ea208e
  React-RCTAnimation: 524ae33e73de9c0fe6501a7a4bda8e01d26499d9
  React-RCTBlob: 5481c2db702f57207af7e7a9b32d90524b821b72
  React-RCTImage: b472cc0606f8a7c1ac270d6ccc57123a09439a32
  React-RCTLinking: 9cfc7bfdfda078489736695ac476de1f265b9f82
  React-RCTNetwork: 967547e4eeac92e55d41573a82da7fff4003052a
  React-RCTSettings: 6ab7911172056b5077dacd9240f057eeeb1b121b
  React-RCTText: b8f895b94aa0e7778fef28d13f3d71eed4a10c3d
  React-RCTVibration: 262588c97551b0b1c675468cda857466ba5af18f
  ReactCommon: c2c63d9290b422ca6ad5b3663073a015dd892ae9
  ReactNativePermissions: e7db6c38a2f3fb8f26dbfdcaeb5c5e9364657a6d
  ReactNativeWebPFormat: 4275844b80c2c385a10ab64f50264d720f2d691c
  ReverseExtension: 5c7ca8c165f47e9bde8e26084d5e7bf21ad4f5a6
  rn-fetch-blob: f065bb7ab7fb48dd002629f8bdcb0336602d3cba
  RNCallKeep: 056476fa5453b60e52da9f847c3b4134005d7b2d
  RNCAsyncStorage: 8539fc80a0075fcc9c8e2dff84cd22dc5bf1dacf
  RNCharts: e9461314e1930516d6c986d1be00440aeb26d5f2
  RNDateTimePicker: c9911be59b1f8670b9f244b85af3a7c295e175ed
  RNDeviceInfo: e841619c3dac5495a095c5455473579ff04908d4
  RNFBAnalytics: f626e3910ac2b8cda2e38ba407edabd102f44184
  RNFBApp: b54e875ffcac9596dc770dfe4ca0a5c0384f5970
  RNFBAuth: b30bfd999554cd3e5ee2088fd495c91c9acea576
  RNFBCrashlytics: 3b93f5c31fd366dbca38ca2dea26367a8f385a2d
  RNFBMessaging: 9a0f40e88be785d466fd9d08a577c1a30ab594b2
  RNFBRemoteConfig: ddd7dabc63bfb2a12a8c160159ab6aea315ba609
  RNGestureHandler: a4ddde1ffc6e590c8127b8b7eabfdade45475c74
  RNImageCropPicker: 9d1a7eea4f8368fc479cbd2bf26459bd3c74d9aa
  RNShare: 047d42214f875d731bde73a2b67418638af85ad9
  RNSound: 9253013eeaa051eab63d354fd4654f7aa67c82f0
  RNSVG: 551acb6562324b1d52a4e0758f7ca0ec234e278f
  RNVectorIcons: 368d6d8b8301224e5ffb6254191f4f8876c2be0d
  RNVoipPushNotification: be6f70cac9d1fd73e020063093f635f64d97c9c6
  RSKImageCropper: 1ac71e9a82e3f41eea3eedfff8eacb0d3821c9ec
  Salvator: e388abcd1c8a526aff3e952ed94219bb4e12c85f
  SDWebImage: a7f831e1a65eb5e285e3fb046a23fcfbf08e696d
  SDWebImageWebPCoder: f93010f3f6c031e2f8fb3081ca4ee6966c539815
  SSZipArchive: 62d4947b08730e4cda640473b0066d209ff033c9
  Stylish: 28b6e4f177bfb94fae32fd8e6b31a31b38035318
  SwiftyJSON: 36413e04c44ee145039d332b4f4e2d3e8d6c4db7
  TGFoursquareLocationDetail: e2255e26b6c12d97b34fb95d88b67ab84cba1128
  TwilioChatClient: 23168c2df8e306da1cedcad1d60ba69862235358
  WebEngage: b8f322ebfdd08c9cd56aec038f9d3c29c018335d
  WebEngageAppEx: 34f9f4788acff1e517f10a20182a01dd0a34161b
  WebEngageBannerPush: a167dc02c06c568bd7908868bcb1692ea3905719
  Yoga: 02036f6383c0008edb7ef0773a0e6beb6ce82bd1
  youtube-ios-player-helper: 21ab92db027c7ff86cb17a3843a3f6eafc8158d2

PODFILE CHECKSUM: bb978693ffd2f127a81939e2532293df49b4f470

COCOAPODS: 1.11.2
